# This file is automatically @generated by Poetry 1.5.0 and should not be changed by hand.

[[package]]
name = "annotated-types"
version = "0.4.0"
description = "Reusable constraint types to use with typing.Annotated"
optional = false
python-versions = ">=3.7"
files = [
    {file = "annotated_types-0.4.0-py3-none-any.whl", hash = "sha256:ac27bcccc7a1447efe9a9bd1145766cc14a841b107a6040a799c260e83adf67d"},
    {file = "annotated_types-0.4.0.tar.gz", hash = "sha256:fae0ca44ad43b7e54dbb02b22137885b1cb1cb7a312fe9fe7a6d77a0e5b0443a"},
]

[[package]]
name = "asttokens"
version = "2.2.1"
description = "Annotate AST trees with source code positions"
optional = false
python-versions = "*"
files = [
    {file = "asttokens-2.2.1-py2.py3-none-any.whl", hash = "sha256:6b0ac9e93fb0335014d382b8fa9b3afa7df546984258005da0b9e7095b3deb1c"},
    {file = "asttokens-2.2.1.tar.gz", hash = "sha256:4622110b2a6f30b77e1473affaa97e711bc2f07d3f10848420ff1898edbe94f3"},
]

[package.dependencies]
six = "*"

[package.extras]
test = ["astroid", "pytest"]

[[package]]
name = "attrs"
version = "23.1.0"
description = "Classes Without Boilerplate"
optional = false
python-versions = ">=3.7"
files = [
    {file = "attrs-23.1.0-py3-none-any.whl", hash = "sha256:1f28b4522cdc2fb4256ac1a020c78acf9cba2c6b461ccd2c126f3aa8e8335d04"},
    {file = "attrs-23.1.0.tar.gz", hash = "sha256:6279836d581513a26f1bf235f9acd333bc9115683f14f7e8fae46c98fc50e015"},
]

[package.extras]
cov = ["attrs[tests]", "coverage[toml] (>=5.3)"]
dev = ["attrs[docs,tests]", "pre-commit"]
docs = ["furo", "myst-parser", "sphinx", "sphinx-notfound-page", "sphinxcontrib-towncrier", "towncrier", "zope-interface"]
tests = ["attrs[tests-no-zope]", "zope-interface"]
tests-no-zope = ["cloudpickle", "hypothesis", "mypy (>=1.1.1)", "pympler", "pytest (>=4.3.0)", "pytest-mypy-plugins", "pytest-xdist[psutil]"]

[[package]]
name = "bidict"
version = "0.22.1"
description = "The bidirectional mapping library for Python."
optional = false
python-versions = ">=3.7"
files = [
    {file = "bidict-0.22.1-py3-none-any.whl", hash = "sha256:6ef212238eb884b664f28da76f33f1d28b260f665fc737b413b287d5487d1e7b"},
    {file = "bidict-0.22.1.tar.gz", hash = "sha256:1e0f7f74e4860e6d0943a05d4134c63a2fad86f3d4732fb265bd79e4e856d81d"},
]

[package.extras]
docs = ["furo", "sphinx", "sphinx-copybutton"]
lint = ["pre-commit"]
test = ["hypothesis", "pytest", "pytest-benchmark[histogram]", "pytest-cov", "pytest-xdist", "sortedcollections", "sortedcontainers", "sphinx"]

[[package]]
name = "black"
version = "23.3.1.dev24+g3aad6e38"
description = "The uncompromising code formatter."
optional = false
python-versions = ">=3.7"
files = []
develop = false

[package.dependencies]
click = ">=8.0.0"
mypy-extensions = ">=0.4.3"
packaging = ">=22.0"
pathspec = ">=0.9.0"
platformdirs = ">=2"

[package.extras]
colorama = ["colorama (>=0.4.3)"]
d = ["aiohttp (>=3.7.4)"]
jupyter = ["ipython (>=7.8.0)", "tokenize-rt (>=3.2.0)"]
uvloop = ["uvloop (>=0.15.2)"]

[package.source]
type = "git"
url = "https://github.com/psf/black"
reference = "HEAD"
resolved_reference = "3aad6e385bfbd4348b2e13695cb6741806951160"

[[package]]
name = "click"
version = "8.1.3"
description = "Composable command line interface toolkit"
optional = false
python-versions = ">=3.7"
files = [
    {file = "click-8.1.3-py3-none-any.whl", hash = "sha256:bb4d8133cb15a609f44e8213d9b391b0809795062913b383c62be0ee95b1db48"},
    {file = "click-8.1.3.tar.gz", hash = "sha256:7682dc8afb30297001674575ea00d1814d808d6a36af415a82bd481d37ba7b8e"},
]

[package.dependencies]
colorama = {version = "*", markers = "platform_system == \"Windows\""}

[[package]]
name = "colorama"
version = "0.4.6"
description = "Cross-platform colored terminal text."
optional = false
python-versions = "!=3.0.*,!=3.1.*,!=3.2.*,!=3.3.*,!=3.4.*,!=3.5.*,!=3.6.*,>=2.7"
files = [
    {file = "colorama-0.4.6-py2.py3-none-any.whl", hash = "sha256:4f1d9991f5acc0ca119f9d443620b77f9d6b33703e51011c16baf57afb285fc6"},
    {file = "colorama-0.4.6.tar.gz", hash = "sha256:08695f5cb7ed6e0531a20572697297273c47b8cae5a63ffc6d6ed5c201be6e44"},
]

[[package]]
name = "executing"
version = "1.2.0"
description = "Get the currently executing AST node of a frame, and other information"
optional = false
python-versions = "*"
files = [
    {file = "executing-1.2.0-py2.py3-none-any.whl", hash = "sha256:0314a69e37426e3608aada02473b4161d4caf5a4b244d1d0c48072b8fee7bacc"},
    {file = "executing-1.2.0.tar.gz", hash = "sha256:19da64c18d2d851112f09c287f8d3dbbdf725ab0e569077efb6cdcbd3497c107"},
]

[package.extras]
tests = ["asttokens", "littleutils", "pytest", "rich"]

[[package]]
name = "funcy"
version = "1.18"
description = "A fancy and practical functional tools"
optional = false
python-versions = "*"
files = [
    {file = "funcy-1.18-py2.py3-none-any.whl", hash = "sha256:00ce91afc850357a131dc54f0db2ad8a1110d5087f1fa4480d7ea3ba0249f89d"},
    {file = "funcy-1.18.tar.gz", hash = "sha256:15448d19a8ebcc7a585afe7a384a19186d0bd67cbf56fb42cd1fd0f76313f9b2"},
]

[[package]]
name = "icecream"
version = "2.1.3"
description = "Never use print() to debug again; inspect variables, expressions, and program execution with a single, simple function call."
optional = false
python-versions = "*"
files = [
    {file = "icecream-2.1.3-py2.py3-none-any.whl", hash = "sha256:757aec31ad4488b949bc4f499d18e6e5973c40cc4d4fc607229e78cfaec94c34"},
    {file = "icecream-2.1.3.tar.gz", hash = "sha256:0aa4a7c3374ec36153a1d08f81e3080e83d8ac1eefd97d2f4fe9544e8f9b49de"},
]

[package.dependencies]
asttokens = ">=2.0.1"
colorama = ">=0.3.9"
executing = ">=0.3.1"
pygments = ">=2.2.0"

[[package]]
name = "mypy-extensions"
version = "1.0.0"
description = "Type system extensions for programs checked with the mypy type checker."
optional = false
python-versions = ">=3.5"
files = [
    {file = "mypy_extensions-1.0.0-py3-none-any.whl", hash = "sha256:4392f6c0eb8a5668a69e23d168ffa70f0be9ccfd32b5cc2d26a34ae5b844552d"},
    {file = "mypy_extensions-1.0.0.tar.gz", hash = "sha256:75dbf8955dc00442a438fc4d0666508a9a97b6bd41aa2f0ffe9d2f2725af0782"},
]

[[package]]
name = "nodeenv"
version = "1.7.0"
description = "Node.js virtual environment builder"
optional = false
python-versions = ">=2.7,!=3.0.*,!=3.1.*,!=3.2.*,!=3.3.*,!=3.4.*,!=3.5.*,!=3.6.*"
files = [
    {file = "nodeenv-1.7.0-py2.py3-none-any.whl", hash = "sha256:27083a7b96a25f2f5e1d8cb4b6317ee8aeda3bdd121394e5ac54e498028a042e"},
    {file = "nodeenv-1.7.0.tar.gz", hash = "sha256:e0e7f7dfb85fc5394c6fe1e8fa98131a2473e04311a45afb6508f7cf1836fa2b"},
]

[package.dependencies]
setuptools = "*"

[[package]]
name = "packaging"
version = "23.1"
description = "Core utilities for Python packages"
optional = false
python-versions = ">=3.7"
files = [
    {file = "packaging-23.1-py3-none-any.whl", hash = "sha256:994793af429502c4ea2ebf6bf664629d07c1a9fe974af92966e4b8d2df7edc61"},
    {file = "packaging-23.1.tar.gz", hash = "sha256:a392980d2b6cffa644431898be54b0045151319d1e7ec34f0cfed48767dd334f"},
]

[[package]]
name = "pathspec"
version = "0.11.1"
description = "Utility library for gitignore style pattern matching of file paths."
optional = false
python-versions = ">=3.7"
files = [
    {file = "pathspec-0.11.1-py3-none-any.whl", hash = "sha256:d8af70af76652554bd134c22b3e8a1cc46ed7d91edcdd721ef1a0c51a84a5293"},
    {file = "pathspec-0.11.1.tar.gz", hash = "sha256:2798de800fa92780e33acca925945e9a19a133b715067cf165b8866c15a31687"},
]

[[package]]
name = "platformdirs"
version = "3.2.0"
description = "A small Python package for determining appropriate platform-specific dirs, e.g. a \"user data dir\"."
optional = false
python-versions = ">=3.7"
files = [
    {file = "platformdirs-3.2.0-py3-none-any.whl", hash = "sha256:ebe11c0d7a805086e99506aa331612429a72ca7cd52a1f0d277dc4adc20cb10e"},
    {file = "platformdirs-3.2.0.tar.gz", hash = "sha256:d5b638ca397f25f979350ff789db335903d7ea010ab28903f57b27e1b16c2b08"},
]

[package.extras]
docs = ["furo (>=2022.12.7)", "proselint (>=0.13)", "sphinx (>=6.1.3)", "sphinx-autodoc-typehints (>=1.22,!=1.23.4)"]
test = ["appdirs (==1.4.4)", "covdefaults (>=2.3)", "pytest (>=7.2.2)", "pytest-cov (>=4)", "pytest-mock (>=3.10)"]

[[package]]
name = "py-aiger"
version = "6.2.1"
description = "A python library for manipulating sequential and-inverter gates."
optional = false
python-versions = ">=3.7,<4.0"
files = [
    {file = "py_aiger-6.2.1-py3-none-any.whl", hash = "sha256:ac0fa20fc768a3b718f5662ccb039e983c4e5ef14c1f1042b67ef6f5ff7db74b"},
    {file = "py_aiger-6.2.1.tar.gz", hash = "sha256:57cbf48879daa4ddc56748c32cf9ea46a51f9f25dd4996b069f5b177496f42af"},
]

[package.dependencies]
attrs = ">=23,<24"
bidict = ">=0.22.0,<0.23.0"
funcy = ">=1.12,<2.0"
pyrsistent = ">=0.19.0,<0.20.0"
sortedcontainers = ">=2.3.0,<3.0.0"
toposort = ">=1.5,<2.0"

[[package]]
name = "py-aiger-cnf"
version = "5.0.7"
description = "Python library to convert between AIGER and CNF"
optional = false
python-versions = ">=3.7,<4.0"
files = [
    {file = "py-aiger-cnf-5.0.7.tar.gz", hash = "sha256:966fc2db19848b7a8b1b4d76b83d0d9adf39391b73df42ed0a34389e389af2e4"},
    {file = "py_aiger_cnf-5.0.7-py3-none-any.whl", hash = "sha256:520f2e869fe6b484691d7cd576532d3e095c03a07e4f27cee0716f442a58e061"},
]

[package.dependencies]
bidict = ">=0.22.0,<0.23.0"
funcy = ">=1.12,<2.0"
py-aiger = ">=6.0.0,<7.0.0"

[[package]]
name = "pycosat"
version = "0.6.3"
description = "bindings to picosat (a SAT solver)"
optional = false
python-versions = "*"
files = [
    {file = "pycosat-0.6.3.zip", hash = "sha256:4c99874946a7e939bb941bbb019dd2c20e6068e3107c91366e7779c69d70e0ed"},
]

[[package]]
name = "pydantic"
version = "2.0a4"
description = "Data validation using Python type hints"
optional = false
python-versions = ">=3.7"
files = [
    {file = "pydantic-2.0a4-py3-none-any.whl", hash = "sha256:7a99e0616ca53fa53079f28d941370e491ee84e7657f2681b50ca0a41390a266"},
    {file = "pydantic-2.0a4.tar.gz", hash = "sha256:720884809bae5cb5358914e45da63dd61369917749d55ab80a7427aa4ca5dcf7"},
]

[package.dependencies]
annotated-types = ">=0.4.0"
pydantic-core = "0.30.0"
typing-extensions = ">=4.5.0"

[package.extras]
email = ["email-validator (>=2.0.0)"]

[[package]]
name = "pydantic-core"
version = "0.30.0"
description = ""
optional = false
python-versions = ">=3.7"
files = [
    {file = "pydantic_core-0.30.0-cp310-cp310-macosx_10_7_x86_64.whl", hash = "sha256:8a71465d22a8d06b2ddb91f40680e27a85c08b37f87f1a8b51da9fa84e30f8c8"},
    {file = "pydantic_core-0.30.0-cp310-cp310-macosx_11_0_arm64.whl", hash = "sha256:1128eca605524b5c9b7dda7f40671a902c20ffff9226ffeebc5eb7c937ae01dd"},
    {file = "pydantic_core-0.30.0-cp310-cp310-manylinux_2_17_aarch64.manylinux2014_aarch64.whl", hash = "sha256:91bc9de6a0527dc8e5834371a60aabfa13e1b7a06006848f90aa710ec84d1c78"},
    {file = "pydantic_core-0.30.0-cp310-cp310-manylinux_2_17_x86_64.manylinux2014_x86_64.whl", hash = "sha256:e2856f7039a6f7815013768d82de119c2da4b8b6502ef1d94fcc664d329c928e"},
    {file = "pydantic_core-0.30.0-cp310-cp310-manylinux_2_24_armv7l.whl", hash = "sha256:8f1ddd33f835de28ec550606e4f1682f37c8a896e52c6c52a53fdd192c9db9ec"},
    {file = "pydantic_core-0.30.0-cp310-cp310-manylinux_2_24_ppc64le.whl", hash = "sha256:de67ac6952a73a9474a7c0fcc03be221958c45de638b990d02ea9b68e9829492"},
    {file = "pydantic_core-0.30.0-cp310-cp310-manylinux_2_24_s390x.whl", hash = "sha256:c608c02bae0e108ae1f0c52520b77ed2d1f8ea7c0927620ca5527982413d292e"},
    {file = "pydantic_core-0.30.0-cp310-cp310-manylinux_2_5_i686.manylinux1_i686.whl", hash = "sha256:9a7a42a48281fdc0ac073d80319597dd097d096b8490fac084085c8aa349fc98"},
    {file = "pydantic_core-0.30.0-cp310-cp310-musllinux_1_1_aarch64.whl", hash = "sha256:bb6c7542ef8668a5ec4d25fdf9b028acedae6aaabb89afbc2664751922c714d6"},
    {file = "pydantic_core-0.30.0-cp310-cp310-musllinux_1_1_x86_64.whl", hash = "sha256:de69fb25f6718a8fb3648899981c48fbda7d9317a9f367e2bd19fa78482df8c0"},
    {file = "pydantic_core-0.30.0-cp310-none-win32.whl", hash = "sha256:5b9a004732d7a153f7cfc30ea30d2bbd653f42be1ce5995b848d02fcbed9add2"},
    {file = "pydantic_core-0.30.0-cp310-none-win_amd64.whl", hash = "sha256:834de30faba6b5384b9206cfea008bf0e02910749cbbd9bfae3aed3ebdc94603"},
    {file = "pydantic_core-0.30.0-cp311-cp311-macosx_10_7_x86_64.whl", hash = "sha256:f98cdd14b6c0bd24e555188b00399b2c6eebbfa97a1744ad83afbeb0559302a5"},
    {file = "pydantic_core-0.30.0-cp311-cp311-macosx_11_0_arm64.whl", hash = "sha256:9d47a099b0db8001991010a482911e86448b877406eb8834492282b300ea034d"},
    {file = "pydantic_core-0.30.0-cp311-cp311-manylinux_2_17_aarch64.manylinux2014_aarch64.whl", hash = "sha256:b5027e588663b7baab6be5b4c41e6303a0844167ed619da488cdf248f8316b74"},
    {file = "pydantic_core-0.30.0-cp311-cp311-manylinux_2_17_x86_64.manylinux2014_x86_64.whl", hash = "sha256:b9bcf7d37d55904df6cabd96ac63c1daf383211d20d1325bab50d53554c83184"},
    {file = "pydantic_core-0.30.0-cp311-cp311-manylinux_2_24_armv7l.whl", hash = "sha256:eb449596ff89245df4ac6e993690a57290afcdb6be3f545cd31cd1e5be33306a"},
    {file = "pydantic_core-0.30.0-cp311-cp311-manylinux_2_24_ppc64le.whl", hash = "sha256:a1f4bdf92326e0ac1150783401660ffd0bf522503eefbdf9ac95555aac41f0a2"},
    {file = "pydantic_core-0.30.0-cp311-cp311-manylinux_2_24_s390x.whl", hash = "sha256:aa7718c9d78a8d6ffcadb247bbcac7d397576786823371a0473fdf6feb94d0a7"},
    {file = "pydantic_core-0.30.0-cp311-cp311-manylinux_2_5_i686.manylinux1_i686.whl", hash = "sha256:cce350b72222b8624b5bc822f7d20901942122fdf8ea727967a14afb1fba6e55"},
    {file = "pydantic_core-0.30.0-cp311-cp311-musllinux_1_1_aarch64.whl", hash = "sha256:d05ee5a2ce0aef536471f470194136b211b0027024bd18a6ac58cd23aa2806a5"},
    {file = "pydantic_core-0.30.0-cp311-cp311-musllinux_1_1_x86_64.whl", hash = "sha256:b7d1ad4d57d76d0a48d708e51160306056ecf8312cdab4727bae19e99a98e103"},
    {file = "pydantic_core-0.30.0-cp311-none-win32.whl", hash = "sha256:89913535b1854b354d703516ac09a82da16a1c06074b9302c1f371e8ed89c837"},
    {file = "pydantic_core-0.30.0-cp311-none-win_amd64.whl", hash = "sha256:0391275cd3217852a5b3737719e9115cc34587917bce7bb238ec7a0189b82d60"},
    {file = "pydantic_core-0.30.0-cp37-cp37m-macosx_10_7_x86_64.whl", hash = "sha256:ab726880e9e3ddfb6ae2b7dbef551f39716d50728f4a0c89ff9d84d0cee18388"},
    {file = "pydantic_core-0.30.0-cp37-cp37m-macosx_11_0_arm64.whl", hash = "sha256:01b79683e39b4051bd8c252803f6f02748f781224eabcc2532e266be213f9b8b"},
    {file = "pydantic_core-0.30.0-cp37-cp37m-manylinux_2_17_aarch64.manylinux2014_aarch64.whl", hash = "sha256:4e39f4c7550c8aa698963a3840f6f26c55b2596be0f539694d1cb31baf89169d"},
    {file = "pydantic_core-0.30.0-cp37-cp37m-manylinux_2_17_x86_64.manylinux2014_x86_64.whl", hash = "sha256:5d349c8dbdf7f6f41540f3443df37e6b9fff474f6c056ff9f1a3dc9796ddb6e4"},
    {file = "pydantic_core-0.30.0-cp37-cp37m-manylinux_2_24_armv7l.whl", hash = "sha256:0de7b6f03b28deb52ac50bda0f9e716ea8cb99f4181d8ee1cf967c0bcae593da"},
    {file = "pydantic_core-0.30.0-cp37-cp37m-manylinux_2_24_ppc64le.whl", hash = "sha256:9f9b078bbd1b018e9e358efdd452bdfdb9a419474fbe5d069fabe677d2993b41"},
    {file = "pydantic_core-0.30.0-cp37-cp37m-manylinux_2_24_s390x.whl", hash = "sha256:bda084bc748b3b0778cff7600dbb82daf6c45f1d29cab18e0ac6be19f300cfd0"},
    {file = "pydantic_core-0.30.0-cp37-cp37m-manylinux_2_5_i686.manylinux1_i686.whl", hash = "sha256:ccf97d97659181352dc96dc3b145a390bd63f3641baab493cbb9281312715d37"},
    {file = "pydantic_core-0.30.0-cp37-cp37m-musllinux_1_1_aarch64.whl", hash = "sha256:17f94d72dcb235e75fdabb5e8d5e447e8f206ab5fe46ae1aacb82c6584bbd5a9"},
    {file = "pydantic_core-0.30.0-cp37-cp37m-musllinux_1_1_x86_64.whl", hash = "sha256:fe037bd9acc5a52843ee95d6a9a69f92d51fdc09c882e54f052223fa52e4b5b7"},
    {file = "pydantic_core-0.30.0-cp37-none-win32.whl", hash = "sha256:e6b852f20dfd9c5a64a871e012fc0a6532580a606214e1354dec59ec79a4ec9e"},
    {file = "pydantic_core-0.30.0-cp37-none-win_amd64.whl", hash = "sha256:60403f87cf1ad7cc2b3231b15160c3fb751240ebf8df67299ab80569a15da040"},
    {file = "pydantic_core-0.30.0-cp38-cp38-macosx_10_7_x86_64.whl", hash = "sha256:ecd4aa9f2c4e6eddfdc4392d7021428e436ffcbbde054e08d3d6b92e48235eaa"},
    {file = "pydantic_core-0.30.0-cp38-cp38-macosx_11_0_arm64.whl", hash = "sha256:75d00e82d4917417104d88c275dbde0291bea753e763642c8a6301303e8a8491"},
    {file = "pydantic_core-0.30.0-cp38-cp38-manylinux_2_17_aarch64.manylinux2014_aarch64.whl", hash = "sha256:8095585d673d40100046730253ac8de5a48b06754fccb3b8ec00a0e2b1b8a813"},
    {file = "pydantic_core-0.30.0-cp38-cp38-manylinux_2_17_x86_64.manylinux2014_x86_64.whl", hash = "sha256:1f3749a40d4417ab1a012219ebc88fd1c9644c8aa24a70b453bc20e46e18d7af"},
    {file = "pydantic_core-0.30.0-cp38-cp38-manylinux_2_24_armv7l.whl", hash = "sha256:f4e04f6c53fc5cb635358bad318d021fcfe07bc92b2f30ddf6b16c5ccecc761d"},
    {file = "pydantic_core-0.30.0-cp38-cp38-manylinux_2_24_ppc64le.whl", hash = "sha256:8e81efb5ee607460db350212039d709833e8e39d04a75f2b141c305531aa60b9"},
    {file = "pydantic_core-0.30.0-cp38-cp38-manylinux_2_24_s390x.whl", hash = "sha256:3fd5e452dedef2ede82aa8bcdf0bce0467d6f3de092077b335ba8d724d94450f"},
    {file = "pydantic_core-0.30.0-cp38-cp38-manylinux_2_5_i686.manylinux1_i686.whl", hash = "sha256:f093fa3630212744810b32895720af899209820cb76be4146fb099c20c9cf624"},
    {file = "pydantic_core-0.30.0-cp38-cp38-musllinux_1_1_aarch64.whl", hash = "sha256:5a69abfb4a3488ffbb49a4f65ffa3230aa9b0e2664daf2814faa144cd531c681"},
    {file = "pydantic_core-0.30.0-cp38-cp38-musllinux_1_1_x86_64.whl", hash = "sha256:42a5f5f4fc2e08284a90aced31384ffddfbda25370bd5cda876ffe3aa2ce67e2"},
    {file = "pydantic_core-0.30.0-cp38-none-win32.whl", hash = "sha256:88383d06a5d8edd2bfefca2576a7a84da1553e305b16d5778bedc5bdf8235759"},
    {file = "pydantic_core-0.30.0-cp38-none-win_amd64.whl", hash = "sha256:2f3d03af970c5e66a1eb6e3edffb893978f65316a7d7a195abae5b843ff21c41"},
    {file = "pydantic_core-0.30.0-cp39-cp39-macosx_10_7_x86_64.whl", hash = "sha256:ac9a2e4a208a84467e311a1f86ac6dcfe8ff1215099f5886ce07134e32844a11"},
    {file = "pydantic_core-0.30.0-cp39-cp39-macosx_11_0_arm64.whl", hash = "sha256:149715aae43717365dcbb3e5ee7c946cc325128e83e440a8f9fb9a0e4d6e0c8a"},
    {file = "pydantic_core-0.30.0-cp39-cp39-manylinux_2_17_aarch64.manylinux2014_aarch64.whl", hash = "sha256:785100c6c5a87b57c247b17f2fb1130022c423079a9d666fee44fc25d43fd9bf"},
    {file = "pydantic_core-0.30.0-cp39-cp39-manylinux_2_17_x86_64.manylinux2014_x86_64.whl", hash = "sha256:969cd903837a6fbc107585fb5b099cb6dc22b3e75ffd8a9f00bd2e1e0454832b"},
    {file = "pydantic_core-0.30.0-cp39-cp39-manylinux_2_24_armv7l.whl", hash = "sha256:53648ff27598402eb966771bf0c1b50738f26b7678d6aae45107ccf30644b0cd"},
    {file = "pydantic_core-0.30.0-cp39-cp39-manylinux_2_24_ppc64le.whl", hash = "sha256:3015f3127ae65e7951ff93864a2edadd53e3971813418f4f81e066e1ad608527"},
    {file = "pydantic_core-0.30.0-cp39-cp39-manylinux_2_24_s390x.whl", hash = "sha256:ae2b6d20110d5fcc9439e2e6da5da3306a8a5789ea90921406ae3fea7e6d555e"},
    {file = "pydantic_core-0.30.0-cp39-cp39-manylinux_2_5_i686.manylinux1_i686.whl", hash = "sha256:12dbbd61aa6f1bae703dc01f6135a1c5a9449ced8b44f7a9329e0ec9c07dfa20"},
    {file = "pydantic_core-0.30.0-cp39-cp39-musllinux_1_1_aarch64.whl", hash = "sha256:e805567a747807cdf160d4a1adedc102374424ed18f0cf7d2c33a6bae4e655ca"},
    {file = "pydantic_core-0.30.0-cp39-cp39-musllinux_1_1_x86_64.whl", hash = "sha256:0bd9fcfc946cef379b3f19658b92fadf9b0ee2e889f4bf81248b946849f4561e"},
    {file = "pydantic_core-0.30.0-cp39-none-win32.whl", hash = "sha256:4f08b4a27b2e3f03e10f88fe304c8882f87f841190bde20f1b7ae6bdc1b1606d"},
    {file = "pydantic_core-0.30.0-cp39-none-win_amd64.whl", hash = "sha256:7d1025eb05dea39fc28f1df69669122900e226d60b1d50cd6a34293a1e769a19"},
    {file = "pydantic_core-0.30.0-pp37-pypy37_pp73-macosx_10_7_x86_64.whl", hash = "sha256:db2478efd4fe2445cc545080e07c5a169c3ca8455db42695ce8b3dff3d571e83"},
    {file = "pydantic_core-0.30.0-pp37-pypy37_pp73-manylinux_2_17_aarch64.manylinux2014_aarch64.whl", hash = "sha256:a7f35ff6cc7d9cbc33cb6e7784f958998782fe41aff6f75761c44756ff3ef072"},
    {file = "pydantic_core-0.30.0-pp37-pypy37_pp73-manylinux_2_17_x86_64.manylinux2014_x86_64.whl", hash = "sha256:6c569ebc7ec97c3c0e2fedcf4b921710a2c7772b66a3ba3edb1e999ddb54d5ee"},
    {file = "pydantic_core-0.30.0-pp37-pypy37_pp73-manylinux_2_5_i686.manylinux1_i686.whl", hash = "sha256:563604dc3b91ee14ecdce9efdd07024b0f3452d629a9f4cbb063863dacbc1915"},
    {file = "pydantic_core-0.30.0-pp37-pypy37_pp73-musllinux_1_1_aarch64.whl", hash = "sha256:40a59efdaa88679239dfb7e199540967352e1122c15ef34c791984fd732f8128"},
    {file = "pydantic_core-0.30.0-pp37-pypy37_pp73-musllinux_1_1_x86_64.whl", hash = "sha256:983c1d49d0ef1c91e0ade07db210986334aaba5a1ce9373dfcb0d6077f7b1a26"},
    {file = "pydantic_core-0.30.0-pp38-pypy38_pp73-macosx_10_7_x86_64.whl", hash = "sha256:1e0c605c2f38983c82cb7a4ae80cb392335f5e32b9f9e7a42d41fd1ec8790201"},
    {file = "pydantic_core-0.30.0-pp38-pypy38_pp73-manylinux_2_17_aarch64.manylinux2014_aarch64.whl", hash = "sha256:dd2e61db3d0c7e172a6f0ab010740f8ace86aa695f5b80a7d185cf84c501d5d8"},
    {file = "pydantic_core-0.30.0-pp38-pypy38_pp73-manylinux_2_17_x86_64.manylinux2014_x86_64.whl", hash = "sha256:705d8439bf845e11f477462eb092b1e0dcd9219fa3a07d03893745a6e8f894a2"},
    {file = "pydantic_core-0.30.0-pp38-pypy38_pp73-manylinux_2_5_i686.manylinux1_i686.whl", hash = "sha256:3e28cf11395c5b9ad3baef8f5fb8a5f4bdc6367366167cc41b944347d7b484af"},
    {file = "pydantic_core-0.30.0-pp38-pypy38_pp73-musllinux_1_1_aarch64.whl", hash = "sha256:642ff3f767766e14bd8273814351291967c3ce084abf50ece0d69d5dbb53ddab"},
    {file = "pydantic_core-0.30.0-pp38-pypy38_pp73-musllinux_1_1_x86_64.whl", hash = "sha256:52a67a02f65c1e90379481f0b4e68dea3736becb9ede94f25e9023258211e21c"},
    {file = "pydantic_core-0.30.0-pp38-pypy38_pp73-win_amd64.whl", hash = "sha256:e45e7347ab2e7752c716d43df5459569385d96fcec00e4d21159041e8150dec3"},
    {file = "pydantic_core-0.30.0-pp39-pypy39_pp73-macosx_10_7_x86_64.whl", hash = "sha256:cc6d5c107467408e1600a6482ec22d922aad30826f5789e188bda8957c4d4922"},
    {file = "pydantic_core-0.30.0-pp39-pypy39_pp73-manylinux_2_17_aarch64.manylinux2014_aarch64.whl", hash = "sha256:1dce7cfe4abf11b348d82d72a2020860055340cd35462b8019792f09cbde020b"},
    {file = "pydantic_core-0.30.0-pp39-pypy39_pp73-manylinux_2_17_x86_64.manylinux2014_x86_64.whl", hash = "sha256:bc9f09c8e6ed23453d7a5adde29fea83d4464182e98bd83b11747f1796e9e0d4"},
    {file = "pydantic_core-0.30.0-pp39-pypy39_pp73-manylinux_2_5_i686.manylinux1_i686.whl", hash = "sha256:e5f3ad194c53bc2a38c92bb25844dc3dd0a3e45147796f3397bd4416370266cf"},
    {file = "pydantic_core-0.30.0-pp39-pypy39_pp73-musllinux_1_1_aarch64.whl", hash = "sha256:0deed36ad1ffbe8437b110f2183266ca5eb49c4928e3659320aa67963e6b791c"},
    {file = "pydantic_core-0.30.0-pp39-pypy39_pp73-musllinux_1_1_x86_64.whl", hash = "sha256:6079970c2f260ba4040bee9664665aca5d3f2927ac416342b77bb19bebce1ef8"},
    {file = "pydantic_core-0.30.0-pp39-pypy39_pp73-win_amd64.whl", hash = "sha256:36cc68b42f1f0bf4e95f5de03af028afb03c2c110513a9551d1b1ea0f018e574"},
    {file = "pydantic_core-0.30.0.tar.gz", hash = "sha256:039bd499abf1096c9610cca40d30db0a8609105897a694766685ecb464018d8b"},
]

[[package]]
name = "pygments"
version = "2.15.1"
description = "Pygments is a syntax highlighting package written in Python."
optional = false
python-versions = ">=3.7"
files = [
    {file = "Pygments-2.15.1-py3-none-any.whl", hash = "sha256:db2db3deb4b4179f399a09054b023b6a586b76499d36965813c71aa8ed7b5fd1"},
    {file = "Pygments-2.15.1.tar.gz", hash = "sha256:8ace4d3c1dd481894b2005f560ead0f9f19ee64fe983366be1a21e171d12775c"},
]

[package.extras]
plugins = ["importlib-metadata"]

[[package]]
name = "pypblib"
version = "0.0.4"
description = ""
optional = false
python-versions = "*"
files = [
    {file = "pypblib-0.0.4-cp35-cp35m-manylinux2010_i686.whl", hash = "sha256:a6b5f0364a8ad5066622cbc112872424ecd1d981b0bf1fa81b3f0512c31f910b"},
    {file = "pypblib-0.0.4-cp35-cp35m-manylinux2010_x86_64.whl", hash = "sha256:9dd77b5447df2171bd9303dde4aa6c47ff4fa5afb71171cdaf0496940cce3eb3"},
    {file = "pypblib-0.0.4-cp35-cp35m-manylinux2014_i686.whl", hash = "sha256:9349f09040b1a3b149d9e565161b43c8e1c1bc6632997e7410d2f5df40ee35da"},
    {file = "pypblib-0.0.4-cp35-cp35m-manylinux2014_x86_64.whl", hash = "sha256:a272ed41bb27e668029c3599b8659f76cf6c870328e22dba6d2fcc2e154e1417"},
    {file = "pypblib-0.0.4-cp35-cp35m-win_amd64.whl", hash = "sha256:458d4b2ad1abe333fd3df279f1bdcb2e6e94e99466cb290b9bcebadf3669c9b5"},
    {file = "pypblib-0.0.4-cp36-cp36m-manylinux2010_i686.whl", hash = "sha256:fc63d2d273891e665cb40a7dd5cf3aed6d10d302ce1e3bbf7556dd06b334f7a5"},
    {file = "pypblib-0.0.4-cp36-cp36m-manylinux2010_x86_64.whl", hash = "sha256:7a9e992994a11c6a6a4924fb19374c01eee0453d44010640cc5896d06cdaac48"},
    {file = "pypblib-0.0.4-cp36-cp36m-manylinux2014_i686.whl", hash = "sha256:19fdc29db3eb61504c50044645ea01955968ad3b473cb126f6b508a847cb64a1"},
    {file = "pypblib-0.0.4-cp36-cp36m-manylinux2014_x86_64.whl", hash = "sha256:96f5d5350681eb4e578b0d438b5a9ce092f760ae0891d1f54674fd2bead4d692"},
    {file = "pypblib-0.0.4-cp36-cp36m-win_amd64.whl", hash = "sha256:51f2cd1c024ff31e4eab977e2cee834d3b678f47c1a66480610694f4baab5f23"},
    {file = "pypblib-0.0.4-cp37-cp37m-manylinux2010_i686.whl", hash = "sha256:34732945c19cea40420435ed863863a42d4fcfc3eead29558de5af268859c06f"},
    {file = "pypblib-0.0.4-cp37-cp37m-manylinux2010_x86_64.whl", hash = "sha256:bbe8013e365b28b4dd9ebe267daac747e86a946a6cd0972a7c572d1149a7e092"},
    {file = "pypblib-0.0.4-cp37-cp37m-manylinux2014_i686.whl", hash = "sha256:6034d8b1f7ff53f356a41878b28f95bec30498285ee178ad4d62135231b2f2d9"},
    {file = "pypblib-0.0.4-cp37-cp37m-manylinux2014_x86_64.whl", hash = "sha256:c8a03bdcd30d49b80a3e29961cabec86c97e77cbd12148b12bee86e1e7e7269c"},
    {file = "pypblib-0.0.4-cp37-cp37m-win_amd64.whl", hash = "sha256:58a3cd244a2d52613bb6563d197f928b704e5f91e53648986c6c16ab96f189ee"},
    {file = "pypblib-0.0.4-cp38-cp38-manylinux2010_i686.whl", hash = "sha256:d5611c4e63b59577c390a47c4f95fd1f620679c73347b90a2817cd896e310728"},
    {file = "pypblib-0.0.4-cp38-cp38-manylinux2010_x86_64.whl", hash = "sha256:5db879394bfdd3c48a0d3d6714ebb2b99a880ef5dd5948a9fdf0ac0d4167d12a"},
    {file = "pypblib-0.0.4-cp38-cp38-manylinux2014_i686.whl", hash = "sha256:cfc5dbc7d0e9b84584a0a333b07ec8f058142e3c4bed17aeb26754b2f8dfbb36"},
    {file = "pypblib-0.0.4-cp38-cp38-manylinux2014_x86_64.whl", hash = "sha256:3eec6af39d352435938542128b29f658dde20a6d21ee27647ae27c744e1208a9"},
    {file = "pypblib-0.0.4-cp38-cp38-win_amd64.whl", hash = "sha256:1bc73246760f56bbe945d38b3c4f56fed89e843e41934242f160a8685dc5cb17"},
    {file = "pypblib-0.0.4-cp39-cp39-manylinux2010_i686.whl", hash = "sha256:626a529beac250c8668dbb86b82689341ed6016ccff500583296b643d8873bad"},
    {file = "pypblib-0.0.4-cp39-cp39-manylinux2010_x86_64.whl", hash = "sha256:51d9be909ec1513ce5e5e01d225550c02ce439d1ad8c5421270301d61a75e5a9"},
    {file = "pypblib-0.0.4-cp39-cp39-manylinux2014_i686.whl", hash = "sha256:94ae0efa11230b1d675852f598ad06edca30e4ddd2dd74b4f07007708f8b733e"},
    {file = "pypblib-0.0.4-cp39-cp39-manylinux2014_x86_64.whl", hash = "sha256:833dcecb4f152f989056e3ebb33860335d5365035f7127fbb0797ea5ff689b83"},
    {file = "pypblib-0.0.4-cp39-cp39-win_amd64.whl", hash = "sha256:e2c74d8219caef6a107380e979019ea6e80f9334d1d0b042cc62bec9af53a43b"},
    {file = "pypblib-0.0.4.tar.gz", hash = "sha256:71dd930bf177ca38d6eeb473702d05df07e11f20382db0c766465297eaf49062"},
]

[[package]]
name = "pyright"
version = "1.1.310"
description = "Command line wrapper for pyright"
optional = false
python-versions = ">=3.7"
files = [
    {file = "pyright-1.1.310-py3-none-any.whl", hash = "sha256:55995ac76bf56cb7a44193b7b1ffafc573abab1f1dbc9f62d327f2a1768b3bda"},
    {file = "pyright-1.1.310.tar.gz", hash = "sha256:9e95335a678db2717eaa0c867d61f9399e916289f4a9f47d993e0df74e7d7391"},
]

[package.dependencies]
nodeenv = ">=1.6.0"

[package.extras]
all = ["twine (>=3.4.1)"]
dev = ["twine (>=3.4.1)"]

[[package]]
name = "pyrsistent"
version = "0.19.3"
description = "Persistent/Functional/Immutable data structures"
optional = false
python-versions = ">=3.7"
files = [
    {file = "pyrsistent-0.19.3-cp310-cp310-macosx_10_9_universal2.whl", hash = "sha256:20460ac0ea439a3e79caa1dbd560344b64ed75e85d8703943e0b66c2a6150e4a"},
    {file = "pyrsistent-0.19.3-cp310-cp310-manylinux_2_17_aarch64.manylinux2014_aarch64.whl", hash = "sha256:4c18264cb84b5e68e7085a43723f9e4c1fd1d935ab240ce02c0324a8e01ccb64"},
    {file = "pyrsistent-0.19.3-cp310-cp310-manylinux_2_5_i686.manylinux1_i686.manylinux_2_17_i686.manylinux2014_i686.whl", hash = "sha256:4b774f9288dda8d425adb6544e5903f1fb6c273ab3128a355c6b972b7df39dcf"},
    {file = "pyrsistent-0.19.3-cp310-cp310-win32.whl", hash = "sha256:5a474fb80f5e0d6c9394d8db0fc19e90fa540b82ee52dba7d246a7791712f74a"},
    {file = "pyrsistent-0.19.3-cp310-cp310-win_amd64.whl", hash = "sha256:49c32f216c17148695ca0e02a5c521e28a4ee6c5089f97e34fe24163113722da"},
    {file = "pyrsistent-0.19.3-cp311-cp311-macosx_10_9_universal2.whl", hash = "sha256:f0774bf48631f3a20471dd7c5989657b639fd2d285b861237ea9e82c36a415a9"},
    {file = "pyrsistent-0.19.3-cp311-cp311-manylinux_2_17_aarch64.manylinux2014_aarch64.whl", hash = "sha256:3ab2204234c0ecd8b9368dbd6a53e83c3d4f3cab10ecaf6d0e772f456c442393"},
    {file = "pyrsistent-0.19.3-cp311-cp311-manylinux_2_5_i686.manylinux1_i686.manylinux_2_17_i686.manylinux2014_i686.whl", hash = "sha256:e42296a09e83028b3476f7073fcb69ffebac0e66dbbfd1bd847d61f74db30f19"},
    {file = "pyrsistent-0.19.3-cp311-cp311-win32.whl", hash = "sha256:64220c429e42a7150f4bfd280f6f4bb2850f95956bde93c6fda1b70507af6ef3"},
    {file = "pyrsistent-0.19.3-cp311-cp311-win_amd64.whl", hash = "sha256:016ad1afadf318eb7911baa24b049909f7f3bb2c5b1ed7b6a8f21db21ea3faa8"},
    {file = "pyrsistent-0.19.3-cp37-cp37m-macosx_10_9_x86_64.whl", hash = "sha256:c4db1bd596fefd66b296a3d5d943c94f4fac5bcd13e99bffe2ba6a759d959a28"},
    {file = "pyrsistent-0.19.3-cp37-cp37m-manylinux_2_17_aarch64.manylinux2014_aarch64.whl", hash = "sha256:aeda827381f5e5d65cced3024126529ddc4289d944f75e090572c77ceb19adbf"},
    {file = "pyrsistent-0.19.3-cp37-cp37m-manylinux_2_5_i686.manylinux1_i686.manylinux_2_17_i686.manylinux2014_i686.whl", hash = "sha256:42ac0b2f44607eb92ae88609eda931a4f0dfa03038c44c772e07f43e738bcac9"},
    {file = "pyrsistent-0.19.3-cp37-cp37m-win32.whl", hash = "sha256:e8f2b814a3dc6225964fa03d8582c6e0b6650d68a232df41e3cc1b66a5d2f8d1"},
    {file = "pyrsistent-0.19.3-cp37-cp37m-win_amd64.whl", hash = "sha256:c9bb60a40a0ab9aba40a59f68214eed5a29c6274c83b2cc206a359c4a89fa41b"},
    {file = "pyrsistent-0.19.3-cp38-cp38-macosx_10_9_universal2.whl", hash = "sha256:a2471f3f8693101975b1ff85ffd19bb7ca7dd7c38f8a81701f67d6b4f97b87d8"},
    {file = "pyrsistent-0.19.3-cp38-cp38-manylinux_2_17_aarch64.manylinux2014_aarch64.whl", hash = "sha256:cc5d149f31706762c1f8bda2e8c4f8fead6e80312e3692619a75301d3dbb819a"},
    {file = "pyrsistent-0.19.3-cp38-cp38-manylinux_2_5_i686.manylinux1_i686.manylinux_2_17_i686.manylinux2014_i686.whl", hash = "sha256:3311cb4237a341aa52ab8448c27e3a9931e2ee09561ad150ba94e4cfd3fc888c"},
    {file = "pyrsistent-0.19.3-cp38-cp38-win32.whl", hash = "sha256:f0e7c4b2f77593871e918be000b96c8107da48444d57005b6a6bc61fb4331b2c"},
    {file = "pyrsistent-0.19.3-cp38-cp38-win_amd64.whl", hash = "sha256:c147257a92374fde8498491f53ffa8f4822cd70c0d85037e09028e478cababb7"},
    {file = "pyrsistent-0.19.3-cp39-cp39-macosx_10_9_universal2.whl", hash = "sha256:b735e538f74ec31378f5a1e3886a26d2ca6351106b4dfde376a26fc32a044edc"},
    {file = "pyrsistent-0.19.3-cp39-cp39-manylinux_2_17_aarch64.manylinux2014_aarch64.whl", hash = "sha256:99abb85579e2165bd8522f0c0138864da97847875ecbd45f3e7e2af569bfc6f2"},
    {file = "pyrsistent-0.19.3-cp39-cp39-manylinux_2_5_i686.manylinux1_i686.manylinux_2_17_i686.manylinux2014_i686.whl", hash = "sha256:3a8cb235fa6d3fd7aae6a4f1429bbb1fec1577d978098da1252f0489937786f3"},
    {file = "pyrsistent-0.19.3-cp39-cp39-win32.whl", hash = "sha256:c74bed51f9b41c48366a286395c67f4e894374306b197e62810e0fdaf2364da2"},
    {file = "pyrsistent-0.19.3-cp39-cp39-win_amd64.whl", hash = "sha256:878433581fc23e906d947a6814336eee031a00e6defba224234169ae3d3d6a98"},
    {file = "pyrsistent-0.19.3-py3-none-any.whl", hash = "sha256:ccf0d6bd208f8111179f0c26fdf84ed7c3891982f2edaeae7422575f47e66b64"},
    {file = "pyrsistent-0.19.3.tar.gz", hash = "sha256:1a2994773706bbb4995c31a97bc94f1418314923bd1048c6d964837040376440"},
]

[[package]]
name = "python-sat"
version = "0.1.8.dev3"
description = "A Python library for prototyping with SAT oracles"
optional = false
python-versions = "*"
files = [
    {file = "python-sat-0.1.8.dev3.tar.gz", hash = "sha256:9fd947004b02e9a2dfa9604d3cfc88f03e6ba5254f9f3ebc625f2b3db0c69760"},
    {file = "python_sat-0.1.8.dev3-cp27-cp27m-manylinux_2_5_i686.manylinux1_i686.whl", hash = "sha256:fcd797834a8c1882e61b04d20cc5a86ce23d56ab356eb857b7944387516b0911"},
    {file = "python_sat-0.1.8.dev3-cp27-cp27m-manylinux_2_5_x86_64.manylinux1_x86_64.whl", hash = "sha256:9675ea66707dcc84c344e514ca7221cde893ead7878c54b9fb5e94fb9116e3e2"},
    {file = "python_sat-0.1.8.dev3-cp27-cp27mu-manylinux_2_5_i686.manylinux1_i686.whl", hash = "sha256:26ce6d39846a6a4366568c6b46f2948a10467693af173c4b8852b0194152292c"},
    {file = "python_sat-0.1.8.dev3-cp27-cp27mu-manylinux_2_5_x86_64.manylinux1_x86_64.whl", hash = "sha256:546e83b8368b27239ed767352108de275bd0d2dfaadd39ee5361c794ccfb6175"},
    {file = "python_sat-0.1.8.dev3-cp310-cp310-macosx_13_0_arm64.whl", hash = "sha256:4851df879cf721cb78c86c4db72175a582e924a591bb90c54544b429e455d3cf"},
    {file = "python_sat-0.1.8.dev3-cp310-cp310-macosx_13_0_x86_64.whl", hash = "sha256:50e72119bedb07af0dc87d5193bbd2098c71f995440820f848150cda7f7dd0f0"},
    {file = "python_sat-0.1.8.dev3-cp310-cp310-manylinux_2_12_x86_64.manylinux2010_x86_64.whl", hash = "sha256:26839d4a1b1544fd1555888d2d31f20533a42100359fae6fb2089abef7db43b6"},
    {file = "python_sat-0.1.8.dev3-cp310-cp310-manylinux_2_17_aarch64.manylinux2014_aarch64.whl", hash = "sha256:a5ef7873246a240925e9b06bd5ff1f676c9a66079f30ad5475362c89ce975169"},
    {file = "python_sat-0.1.8.dev3-cp310-cp310-win_amd64.whl", hash = "sha256:2dcb413aae401a10e9e0f3e5898a1b1e877dc201cffcc676887b226ce200b12a"},
    {file = "python_sat-0.1.8.dev3-cp311-cp311-macosx_13_0_arm64.whl", hash = "sha256:a0d33b055b474d8046628a2315bbac49a8314f95ff84060c8cba6c05a8240242"},
    {file = "python_sat-0.1.8.dev3-cp311-cp311-macosx_13_0_x86_64.whl", hash = "sha256:2aeb19bf3b83ce8f9640de284acb31dcaff2dfd960ca8d9e0501feda666eadea"},
    {file = "python_sat-0.1.8.dev3-cp311-cp311-manylinux_2_17_aarch64.manylinux2014_aarch64.whl", hash = "sha256:901cd49cb13e6d76fa831a1101e58f61a60a124dc67877ab5f68511fe3a79ecc"},
    {file = "python_sat-0.1.8.dev3-cp311-cp311-win_amd64.whl", hash = "sha256:555fabd365fc016d7651cb35352396fe6114b746f1963c8907f8332ccfdb4da6"},
    {file = "python_sat-0.1.8.dev3-cp35-cp35m-manylinux_2_5_i686.manylinux1_i686.whl", hash = "sha256:4e988215fbf260586d949ed36716d878ba33afa07cddeb82a8e5104cffcb516f"},
    {file = "python_sat-0.1.8.dev3-cp35-cp35m-manylinux_2_5_x86_64.manylinux1_x86_64.whl", hash = "sha256:9a4afea251c8a7d03a88591f79aa6f709bab464eb6fd2aaf11e33929e6445fad"},
    {file = "python_sat-0.1.8.dev3-cp36-cp36m-manylinux_2_17_aarch64.manylinux2014_aarch64.whl", hash = "sha256:bf4f8c53ca28e1804752be4a2c981e3e6e3c049bc62cb1fd79a15b9ed319f619"},
    {file = "python_sat-0.1.8.dev3-cp36-cp36m-manylinux_2_5_i686.manylinux1_i686.whl", hash = "sha256:e2dc5f08e97263daa54ee76bc1b03ab3b75aaafca55690b4addc4b8a3053a0d0"},
    {file = "python_sat-0.1.8.dev3-cp36-cp36m-manylinux_2_5_x86_64.manylinux1_x86_64.manylinux_2_12_x86_64.manylinux2010_x86_64.whl", hash = "sha256:18c22692a7e65c7e1ac9003940840c12d86b3e21c5ad510ca0f52f6cdd3a0bd5"},
    {file = "python_sat-0.1.8.dev3-cp36-cp36m-manylinux_2_5_x86_64.manylinux1_x86_64.whl", hash = "sha256:8328cfcea8c197421611e25b9a2a700bcc3d8017aa06524d74480658979bd234"},
    {file = "python_sat-0.1.8.dev3-cp36-cp36m-win_amd64.whl", hash = "sha256:8de3cbbbbddffb840475cb564a127fb3d9c8d4e2e6cced1e298b01794983944c"},
    {file = "python_sat-0.1.8.dev3-cp37-cp37m-manylinux_2_17_aarch64.manylinux2014_aarch64.whl", hash = "sha256:8a14a0fa82cf5a9153804233e76c938ba162807693c13bb52e9ab7eab3769fb1"},
    {file = "python_sat-0.1.8.dev3-cp37-cp37m-manylinux_2_5_i686.manylinux1_i686.whl", hash = "sha256:85010affc6130ddbebbf3d5e07d35e8a4f9895d9b3662d7332479f2ca5625e53"},
    {file = "python_sat-0.1.8.dev3-cp37-cp37m-manylinux_2_5_x86_64.manylinux1_x86_64.manylinux_2_12_x86_64.manylinux2010_x86_64.whl", hash = "sha256:2b6a03763d81e19b7cab272dfe83d73f7ab2b9ebf0d8579783685d05d482c575"},
    {file = "python_sat-0.1.8.dev3-cp37-cp37m-manylinux_2_5_x86_64.manylinux1_x86_64.whl", hash = "sha256:08b9556f07fdbcf8ca1bb8a0a45c2f491bbeb14442bcc2a4d2178d5c39f02d88"},
    {file = "python_sat-0.1.8.dev3-cp37-cp37m-win_amd64.whl", hash = "sha256:22340e32e8fbd33d1bb7f1b602b221d3241844f0c18bf2d403ac4f7b5b128763"},
    {file = "python_sat-0.1.8.dev3-cp38-cp38-macosx_13_0_arm64.whl", hash = "sha256:067b7723a8e485fb90622b212c11905cdde3e91b7bae8604db1eec9b60472c48"},
    {file = "python_sat-0.1.8.dev3-cp38-cp38-macosx_13_0_x86_64.whl", hash = "sha256:802f47cd25d77bd4eb794bace39fc1beedbdb0264f6966b1863e6da2e3815e41"},
    {file = "python_sat-0.1.8.dev3-cp38-cp38-manylinux_2_17_aarch64.manylinux2014_aarch64.whl", hash = "sha256:aef4b61413a0fc12f8091e852fe8130c5f57fde1b3763dd76d96341ce98da814"},
    {file = "python_sat-0.1.8.dev3-cp38-cp38-manylinux_2_5_i686.manylinux1_i686.whl", hash = "sha256:4decf7fc45ac1a44b831479023da7a5662b97619dba1b35e1f89937d70810cd2"},
    {file = "python_sat-0.1.8.dev3-cp38-cp38-manylinux_2_5_x86_64.manylinux1_x86_64.manylinux_2_12_x86_64.manylinux2010_x86_64.whl", hash = "sha256:776e724bebee20ab32ed6b31d76bf5951eb0f7bbae3a3c043cd330fc1a9a21e0"},
    {file = "python_sat-0.1.8.dev3-cp38-cp38-manylinux_2_5_x86_64.manylinux1_x86_64.whl", hash = "sha256:f18a792fec5b705592cd499661859cef7ea3887030a7a834d55bf0fb8ba83790"},
    {file = "python_sat-0.1.8.dev3-cp38-cp38-win_amd64.whl", hash = "sha256:45141f90a2721feba9b52a893d517e92b64c9e2b783dbc6fbd680b9515d92c7e"},
    {file = "python_sat-0.1.8.dev3-cp39-cp39-macosx_13_0_arm64.whl", hash = "sha256:7fdae29f91977eb20d371d8285fbc48a533e75b8fd023a8e3d730ec8b1b5dde9"},
    {file = "python_sat-0.1.8.dev3-cp39-cp39-macosx_13_0_x86_64.whl", hash = "sha256:629505e845ecf1621a689061dfd1bf321a267465052fde3d5484bea7cd305cf0"},
    {file = "python_sat-0.1.8.dev3-cp39-cp39-manylinux_2_17_aarch64.manylinux2014_aarch64.whl", hash = "sha256:f783901758c4b54ed12df884e0eb40bf2e0248b84a710db39a075f964f10f14a"},
    {file = "python_sat-0.1.8.dev3-cp39-cp39-manylinux_2_5_i686.manylinux1_i686.whl", hash = "sha256:6eaba7996c2b93efa64ce43eefb609812ff4bc7712dab80cbf8a5996014f7a95"},
    {file = "python_sat-0.1.8.dev3-cp39-cp39-manylinux_2_5_x86_64.manylinux1_x86_64.manylinux_2_12_x86_64.manylinux2010_x86_64.whl", hash = "sha256:5d0e5bdb537d1c85ef8be527429631fd235b197fa0cfb084112288ca6d3aaf93"},
    {file = "python_sat-0.1.8.dev3-cp39-cp39-manylinux_2_5_x86_64.manylinux1_x86_64.whl", hash = "sha256:f59ae528f52b2ed8dfeabc87f4e161f9c77a73bc49c66a19dca3b54e205f7877"},
    {file = "python_sat-0.1.8.dev3-cp39-cp39-win_amd64.whl", hash = "sha256:5c465266e0a6aee02042ed2feb874a7cd33141fbc33ad4b851b892290fa0eb3c"},
    {file = "python_sat-0.1.8.dev3-pp37-pypy37_pp73-macosx_10_9_x86_64.whl", hash = "sha256:cfcb48e812f3ac88e392984ea6a6035a32d4ff489857e295540d1335c29536d5"},
    {file = "python_sat-0.1.8.dev3-pp37-pypy37_pp73-manylinux_2_12_x86_64.manylinux2010_x86_64.whl", hash = "sha256:87ef42a1cd68ceb1bc8019fcbf4f35294387e870a2b9fa5447ffcc5910d2165d"},
    {file = "python_sat-0.1.8.dev3-pp37-pypy37_pp73-manylinux_2_17_aarch64.manylinux2014_aarch64.whl", hash = "sha256:6199a8b63f89d378eec420d42b4383cb7df9c6a684209761696d930eb43ada47"},
    {file = "python_sat-0.1.8.dev3-pp38-pypy38_pp73-manylinux_2_12_x86_64.manylinux2010_x86_64.whl", hash = "sha256:e6e7810844e449b7a0aa616483cc6c27cfc5f1b915c1b6cb1d269915f6d4d656"},
    {file = "python_sat-0.1.8.dev3-pp38-pypy38_pp73-manylinux_2_17_aarch64.manylinux2014_aarch64.whl", hash = "sha256:d7d33690730d201b0126dfdf6c4f2043303de4636d30a1fa5aba1e118eb99967"},
    {file = "python_sat-0.1.8.dev3-pp39-pypy39_pp73-manylinux_2_17_aarch64.manylinux2014_aarch64.whl", hash = "sha256:79988cc5651a1cfa86dee96ef3a2e7f87893efcdd5c36073c58ab9eee5621e82"},
]

[package.dependencies]
py-aiger-cnf = {version = ">=2.0.0", optional = true, markers = "extra == \"aiger\""}
pypblib = {version = ">=0.0.3", optional = true, markers = "extra == \"pblib\""}
six = "*"

[package.extras]
aiger = ["py-aiger-cnf (>=2.0.0)"]
approxmc = ["pyapproxmc (>=4.1.8)"]
pblib = ["pypblib (>=0.0.3)"]

[[package]]
name = "ruff"
version = "0.0.270"
description = "An extremely fast Python linter, written in Rust."
optional = false
python-versions = ">=3.7"
files = [
    {file = "ruff-0.0.270-py3-none-macosx_10_7_x86_64.whl", hash = "sha256:f74c4d550f7b8e808455ac77bbce38daafc458434815ba0bc21ae4bdb276509b"},
    {file = "ruff-0.0.270-py3-none-macosx_10_9_x86_64.macosx_11_0_arm64.macosx_10_9_universal2.whl", hash = "sha256:643de865fd35cb76c4f0739aea5afe7b8e4d40d623df7e9e6ea99054e5cead0a"},
    {file = "ruff-0.0.270-py3-none-manylinux_2_17_aarch64.manylinux2014_aarch64.whl", hash = "sha256:eca02e709b3308eb7255b5f74e779be23b5980fca3862eae28bb23069cd61ae4"},
    {file = "ruff-0.0.270-py3-none-manylinux_2_17_armv7l.manylinux2014_armv7l.whl", hash = "sha256:3ed3b198768d2b3a2300fb18f730cd39948a5cc36ba29ae9d4639a11040880be"},
    {file = "ruff-0.0.270-py3-none-manylinux_2_17_i686.manylinux2014_i686.whl", hash = "sha256:739495d2dbde87cf4e3110c8d27bc20febf93112539a968a4e02c26f0deccd1d"},
    {file = "ruff-0.0.270-py3-none-manylinux_2_17_ppc64.manylinux2014_ppc64.whl", hash = "sha256:08188f8351f4c0b6216e8463df0a76eb57894ca59a3da65e4ed205db980fd3ae"},
    {file = "ruff-0.0.270-py3-none-manylinux_2_17_ppc64le.manylinux2014_ppc64le.whl", hash = "sha256:0827b074635d37984fc98d99316bfab5c8b1231bb83e60dacc83bd92883eedb4"},
    {file = "ruff-0.0.270-py3-none-manylinux_2_17_s390x.manylinux2014_s390x.whl", hash = "sha256:0d61ae4841313f6eeb8292dc349bef27b4ce426e62c36e80ceedc3824e408734"},
    {file = "ruff-0.0.270-py3-none-manylinux_2_17_x86_64.manylinux2014_x86_64.whl", hash = "sha256:0eb412f20e77529a01fb94d578b19dcb8331b56f93632aa0cce4a2ea27b7aeba"},
    {file = "ruff-0.0.270-py3-none-musllinux_1_2_aarch64.whl", hash = "sha256:b775e2c5fc869359daf8c8b8aa0fd67240201ab2e8d536d14a0edf279af18786"},
    {file = "ruff-0.0.270-py3-none-musllinux_1_2_armv7l.whl", hash = "sha256:21f00e47ab2308617c44435c8dfd9e2e03897461c9e647ec942deb2a235b4cfd"},
    {file = "ruff-0.0.270-py3-none-musllinux_1_2_i686.whl", hash = "sha256:0bbfbf6fd2436165566ca85f6e57be03ed2f0a994faf40180cfbb3604c9232ef"},
    {file = "ruff-0.0.270-py3-none-musllinux_1_2_x86_64.whl", hash = "sha256:8af391ef81f7be960be10886a3c1aac0b298bde7cb9a86ec2b05faeb2081ce6b"},
    {file = "ruff-0.0.270-py3-none-win32.whl", hash = "sha256:b4c037fe2f75bcd9aed0c89c7c507cb7fa59abae2bd4c8b6fc331a28178655a4"},
    {file = "ruff-0.0.270-py3-none-win_amd64.whl", hash = "sha256:0012f9b7dc137ab7f1f0355e3c4ca49b562baf6c9fa1180948deeb6648c52957"},
    {file = "ruff-0.0.270-py3-none-win_arm64.whl", hash = "sha256:9613456b0b375766244c25045e353bc8890c856431cd97893c97b10cc93bd28d"},
    {file = "ruff-0.0.270.tar.gz", hash = "sha256:95db07b7850b30ebf32b27fe98bc39e0ab99db3985edbbf0754d399eb2f0e690"},
]

[[package]]
name = "setuptools"
version = "67.7.2"
description = "Easily download, build, install, upgrade, and uninstall Python packages"
optional = false
python-versions = ">=3.7"
files = [
    {file = "setuptools-67.7.2-py3-none-any.whl", hash = "sha256:23aaf86b85ca52ceb801d32703f12d77517b2556af839621c641fca11287952b"},
    {file = "setuptools-67.7.2.tar.gz", hash = "sha256:f104fa03692a2602fa0fec6c6a9e63b6c8a968de13e17c026957dd1f53d80990"},
]

[package.extras]
docs = ["furo", "jaraco.packaging (>=9)", "jaraco.tidelift (>=1.4)", "pygments-github-lexers (==0.0.5)", "rst.linker (>=1.9)", "sphinx (>=3.5)", "sphinx-favicon", "sphinx-hoverxref (<2)", "sphinx-inline-tabs", "sphinx-lint", "sphinx-notfound-page (==0.8.3)", "sphinx-reredirects", "sphinxcontrib-towncrier"]
testing = ["build[virtualenv]", "filelock (>=3.4.0)", "flake8 (<5)", "flake8-2020", "ini2toml[lite] (>=0.9)", "jaraco.envs (>=2.2)", "jaraco.path (>=3.2.0)", "pip (>=19.1)", "pip-run (>=8.8)", "pytest (>=6)", "pytest-black (>=0.3.7)", "pytest-checkdocs (>=2.4)", "pytest-cov", "pytest-enabler (>=1.3)", "pytest-flake8", "pytest-mypy (>=0.9.1)", "pytest-perf", "pytest-timeout", "pytest-xdist", "tomli-w (>=1.0.0)", "virtualenv (>=13.0.0)", "wheel"]
testing-integration = ["build[virtualenv]", "filelock (>=3.4.0)", "jaraco.envs (>=2.2)", "jaraco.path (>=3.2.0)", "pytest", "pytest-enabler", "pytest-xdist", "tomli", "virtualenv (>=13.0.0)", "wheel"]

[[package]]
name = "six"
version = "1.16.0"
description = "Python 2 and 3 compatibility utilities"
optional = false
python-versions = ">=2.7, !=3.0.*, !=3.1.*, !=3.2.*"
files = [
    {file = "six-1.16.0-py2.py3-none-any.whl", hash = "sha256:8abb2f1d86890a2dfb989f9a77cfcfd3e47c2a354b01111771326f8aa26e0254"},
    {file = "six-1.16.0.tar.gz", hash = "sha256:1e61c37477a1626458e36f7b1d82aa5c9b094fa4802892072e49de9c60c4c926"},
]

[[package]]
name = "sortedcontainers"
version = "2.4.0"
description = "Sorted Containers -- Sorted List, Sorted Dict, Sorted Set"
optional = false
python-versions = "*"
files = [
    {file = "sortedcontainers-2.4.0-py2.py3-none-any.whl", hash = "sha256:a163dcaede0f1c021485e957a39245190e74249897e2ae4b2aa38595db237ee0"},
    {file = "sortedcontainers-2.4.0.tar.gz", hash = "sha256:25caa5a06cc30b6b83d11423433f65d1f9d76c4c6a0c90e3379eaa43b9bfdb88"},
]

[[package]]
name = "toposort"
version = "1.10"
description = "Implements a topological sort algorithm."
optional = false
python-versions = "*"
files = [
    {file = "toposort-1.10-py3-none-any.whl", hash = "sha256:cbdbc0d0bee4d2695ab2ceec97fe0679e9c10eab4b2a87a9372b929e70563a87"},
    {file = "toposort-1.10.tar.gz", hash = "sha256:bfbb479c53d0a696ea7402601f4e693c97b0367837c8898bc6471adfca37a6bd"},
]

[[package]]
name = "typing-extensions"
version = "4.5.0"
description = "Backported and Experimental Type Hints for Python 3.7+"
optional = false
python-versions = ">=3.7"
files = [
    {file = "typing_extensions-4.5.0-py3-none-any.whl", hash = "sha256:fb33085c39dd998ac16d1431ebc293a8b3eedd00fd4a32de0ff79002c19511b4"},
    {file = "typing_extensions-4.5.0.tar.gz", hash = "sha256:5cb5f4a79139d699607b3ef622a1dedafa84e115ab0024e0d9c044a9479ca7cb"},
]

[metadata]
lock-version = "2.0"
python-versions = "3.12.0"
content-hash = "8815f24205d72974fec05b57c67002ed7a187d4d500e36f486e0876f2ce6e9d3"
