[[package]]
category = "main"
description = "A small Python module for determining appropriate platform-specific dirs, e.g. a \"user data dir\"."
name = "appdirs"
optional = false
python-versions = "*"
version = "1.4.3"

[[package]]
category = "main"
description = "Classes Without Boilerplate"
name = "attrs"
optional = false
python-versions = ">=2.7, !=3.0.*, !=3.1.*, !=3.2.*, !=3.3.*"
version = "19.1.0"

[[package]]
category = "main"
description = "The uncompromising code formatter."
name = "black"
optional = false
python-versions = ">=3.6"
version = "18.9b0"

[package.dependencies]
appdirs = "*"
attrs = ">=17.4.0"
click = ">=6.5"
toml = ">=0.9.4"

[[package]]
category = "main"
description = "Composable command line interface toolkit"
name = "click"
optional = false
python-versions = ">=2.7, !=3.0.*, !=3.1.*, !=3.2.*, !=3.3.*"
version = "7.0"

[[package]]
category = "main"
description = "Optional static typing for Python (mypyc-compiled version)"
name = "mypy"
optional = false
python-versions = "*"
version = "0.701"

[package.dependencies]
mypy-extensions = ">=0.4.0,<0.5.0"
typed-ast = ">=1.3.1,<1.4.0"

[[package]]
category = "main"
description = "Experimental type system extensions for programs checked with the mypy typechecker."
name = "mypy-extensions"
optional = false
python-versions = "*"
version = "0.4.1"

[[package]]
category = "main"
description = "bindings to picosat (a SAT solver)"
name = "pycosat"
optional = false
python-versions = "*"
version = "0.6.3"

[[package]]
category = "main"
description = "Python Library for Tom's Obvious, Minimal Language"
name = "toml"
optional = false
python-versions = "*"
version = "0.10.0"

[[package]]
category = "main"
description = "a fork of Python 2 and 3 ast modules with type comment support"
name = "typed-ast"
optional = false
python-versions = "*"
version = "1.3.5"

[metadata]
content-hash = "a41d63b7e80088a0e2e9924570e7d08f118551acbf94c23706470dc0930c3cf0"
python-versions = "^3.7"

[metadata.hashes]
appdirs = ["9e5896d1372858f8dd3344faf4e5014d21849c756c8d5701f78f8a103b372d92", "d8b24664561d0d34ddfaec54636d502d7cea6e29c3eaf68f3df6180863e2166e"]
attrs = ["69c0dbf2ed392de1cb5ec704444b08a5ef81680a61cb899dc08127123af36a79", "f0b870f674851ecbfbbbd364d6b5cbdff9dcedbc7f3f5e18a6891057f21fe399"]
black = ["817243426042db1d36617910df579a54f1afd659adb96fc5032fcf4b36209739", "e030a9a28f542debc08acceb273f228ac422798e5215ba2a791a6ddeaaca22a5"]
click = ["2335065e6395b9e67ca716de5f7526736bfa6ceead690adf616d925bdc622b13", "5b94b49521f6456670fdb30cd82a4eca9412788a93fa6dd6df72c94d5a8ff2d7"]
mypy = ["2afe51527b1f6cdc4a5f34fc90473109b22bf7f21086ba3e9451857cf11489e6", "56a16df3e0abb145d8accd5dbb70eba6c4bd26e2f89042b491faa78c9635d1e2", "5764f10d27b2e93c84f70af5778941b8f4aa1379b2430f85c827e0f5464e8714", "5bbc86374f04a3aa817622f98e40375ccb28c4836f36b66706cf3c6ccce86eda", "6a9343089f6377e71e20ca734cd8e7ac25d36478a9df580efabfe9059819bf82", "6c9851bc4a23dc1d854d3f5dfd5f20a016f8da86bcdbb42687879bb5f86434b0", "b8e85956af3fcf043d6f87c91cbe8705073fc67029ba6e22d3468bfee42c4823", "b9a0af8fae490306bc112229000aa0c2ccc837b49d29a5c42e088c132a2334dd", "bbf643528e2a55df2c1587008d6e3bda5c0445f1240dfa85129af22ae16d7a9a", "c46ab3438bd21511db0f2c612d89d8344154c0c9494afc7fbc932de514cf8d15", "f7a83d6bd805855ef83ec605eb01ab4fa42bcef254b13631e451cbb44914a9b0"]
mypy-extensions = ["37e0e956f41369209a3d5f34580150bcacfabaa57b33a15c0b25f4b5725e0812", "b16cabe759f55e3409a7d231ebd2841378fb0c27a5d1994719e340e4f429ac3e"]
pycosat = ["4c99874946a7e939bb941bbb019dd2c20e6068e3107c91366e7779c69d70e0ed"]
toml = ["229f81c57791a41d65e399fc06bf0848bab550a9dfd5ed66df18ce5f05e73d5c", "235682dd292d5899d361a811df37e04a8828a5b1da3115886b73cf81ebc9100e", "f1db651f9657708513243e61e6cc67d101a39bad662eaa9b5546f789338e07a3"]
typed-ast = ["132eae51d6ef3ff4a8c47c393a4ef5ebf0d1aecc96880eb5d6c8ceab7017cc9b", "18141c1484ab8784006c839be8b985cfc82a2e9725837b0ecfa0203f71c4e39d", "2baf617f5bbbfe73fd8846463f5aeafc912b5ee247f410700245d68525ec584a", "3d90063f2cbbe39177e9b4d888e45777012652d6110156845b828908c51ae462", "4304b2218b842d610aa1a1d87e1dc9559597969acc62ce717ee4dfeaa44d7eee", "4983ede548ffc3541bae49a82675996497348e55bafd1554dc4e4a5d6eda541a", "5315f4509c1476718a4825f45a203b82d7fdf2a6f5f0c8f166435975b1c9f7d4", "6cdfb1b49d5345f7c2b90d638822d16ba62dc82f7616e9b4caa10b72f3f16649", "7b325f12635598c604690efd7a0197d0b94b7d7778498e76e0710cd582fd1c7a", "8d3b0e3b8626615826f9a626548057c5275a9733512b137984a68ba1598d3d2f", "8f8631160c79f53081bd23446525db0bc4c5616f78d04021e6e434b286493fd7", "912de10965f3dc89da23936f1cc4ed60764f712e5fa603a09dd904f88c996760", "b010c07b975fe853c65d7bbe9d4ac62f1c69086750a574f6292597763781ba18", "c908c10505904c48081a5415a1e295d8403e353e0c14c42b6d67f8f97fae6616", "c94dd3807c0c0610f7c76f078119f4ea48235a953512752b9175f9f98f5ae2bd", "ce65dee7594a84c466e79d7fb7d3303e7295d16a83c22c7c4037071b059e2c21", "eaa9cfcb221a8a4c2889be6f93da141ac777eb8819f077e1d09fb12d00a09a93", "f3376bc31bad66d46d44b4e6522c5c21976bf9bca4ef5987bb2bf727f4506cbb", "f9202fa138544e13a4ec1a6792c35834250a85958fde1251b6a22e07d1260ae7"]
