# This file is automatically @generated by Poetry 1.4.2 and should not be changed by hand.

[[package]]
name = "annotated-types"
version = "0.4.0"
description = "Reusable constraint types to use with typing.Annotated"
category = "main"
optional = false
python-versions = ">=3.7"
files = [
    {file = "annotated_types-0.4.0-py3-none-any.whl", hash = "sha256:ac27bcccc7a1447efe9a9bd1145766cc14a841b107a6040a799c260e83adf67d"},
    {file = "annotated_types-0.4.0.tar.gz", hash = "sha256:fae0ca44ad43b7e54dbb02b22137885b1cb1cb7a312fe9fe7a6d77a0e5b0443a"},
]

[[package]]
name = "attrs"
version = "23.1.0"
description = "Classes Without Boilerplate"
category = "main"
optional = false
python-versions = ">=3.7"
files = [
    {file = "attrs-23.1.0-py3-none-any.whl", hash = "sha256:1f28b4522cdc2fb4256ac1a020c78acf9cba2c6b461ccd2c126f3aa8e8335d04"},
    {file = "attrs-23.1.0.tar.gz", hash = "sha256:6279836d581513a26f1bf235f9acd333bc9115683f14f7e8fae46c98fc50e015"},
]

[package.extras]
cov = ["attrs[tests]", "coverage[toml] (>=5.3)"]
dev = ["attrs[docs,tests]", "pre-commit"]
docs = ["furo", "myst-parser", "sphinx", "sphinx-notfound-page", "sphinxcontrib-towncrier", "towncrier", "zope-interface"]
tests = ["attrs[tests-no-zope]", "zope-interface"]
tests-no-zope = ["cloudpickle", "hypothesis", "mypy (>=1.1.1)", "pympler", "pytest (>=4.3.0)", "pytest-mypy-plugins", "pytest-xdist[psutil]"]

[[package]]
name = "bidict"
version = "0.22.1"
description = "The bidirectional mapping library for Python."
category = "main"
optional = false
python-versions = ">=3.7"
files = [
    {file = "bidict-0.22.1-py3-none-any.whl", hash = "sha256:6ef212238eb884b664f28da76f33f1d28b260f665fc737b413b287d5487d1e7b"},
    {file = "bidict-0.22.1.tar.gz", hash = "sha256:1e0f7f74e4860e6d0943a05d4134c63a2fad86f3d4732fb265bd79e4e856d81d"},
]

[package.extras]
docs = ["furo", "sphinx", "sphinx-copybutton"]
lint = ["pre-commit"]
test = ["hypothesis", "pytest", "pytest-benchmark[histogram]", "pytest-cov", "pytest-xdist", "sortedcollections", "sortedcontainers", "sphinx"]

[[package]]
name = "black"
version = "23.3.0"
description = "The uncompromising code formatter."
category = "dev"
optional = false
python-versions = ">=3.7"
files = [
    {file = "black-23.3.0-cp310-cp310-macosx_10_16_arm64.whl", hash = "sha256:0945e13506be58bf7db93ee5853243eb368ace1c08a24c65ce108986eac65915"},
    {file = "black-23.3.0-cp310-cp310-macosx_10_16_universal2.whl", hash = "sha256:67de8d0c209eb5b330cce2469503de11bca4085880d62f1628bd9972cc3366b9"},
    {file = "black-23.3.0-cp310-cp310-macosx_10_16_x86_64.whl", hash = "sha256:7c3eb7cea23904399866c55826b31c1f55bbcd3890ce22ff70466b907b6775c2"},
    {file = "black-23.3.0-cp310-cp310-manylinux_2_17_x86_64.manylinux2014_x86_64.whl", hash = "sha256:32daa9783106c28815d05b724238e30718f34155653d4d6e125dc7daec8e260c"},
    {file = "black-23.3.0-cp310-cp310-win_amd64.whl", hash = "sha256:35d1381d7a22cc5b2be2f72c7dfdae4072a3336060635718cc7e1ede24221d6c"},
    {file = "black-23.3.0-cp311-cp311-macosx_10_16_arm64.whl", hash = "sha256:a8a968125d0a6a404842fa1bf0b349a568634f856aa08ffaff40ae0dfa52e7c6"},
    {file = "black-23.3.0-cp311-cp311-macosx_10_16_universal2.whl", hash = "sha256:c7ab5790333c448903c4b721b59c0d80b11fe5e9803d8703e84dcb8da56fec1b"},
    {file = "black-23.3.0-cp311-cp311-macosx_10_16_x86_64.whl", hash = "sha256:a6f6886c9869d4daae2d1715ce34a19bbc4b95006d20ed785ca00fa03cba312d"},
    {file = "black-23.3.0-cp311-cp311-manylinux_2_17_x86_64.manylinux2014_x86_64.whl", hash = "sha256:6f3c333ea1dd6771b2d3777482429864f8e258899f6ff05826c3a4fcc5ce3f70"},
    {file = "black-23.3.0-cp311-cp311-win_amd64.whl", hash = "sha256:11c410f71b876f961d1de77b9699ad19f939094c3a677323f43d7a29855fe326"},
    {file = "black-23.3.0-cp37-cp37m-macosx_10_16_x86_64.whl", hash = "sha256:1d06691f1eb8de91cd1b322f21e3bfc9efe0c7ca1f0e1eb1db44ea367dff656b"},
    {file = "black-23.3.0-cp37-cp37m-manylinux_2_17_x86_64.manylinux2014_x86_64.whl", hash = "sha256:50cb33cac881766a5cd9913e10ff75b1e8eb71babf4c7104f2e9c52da1fb7de2"},
    {file = "black-23.3.0-cp37-cp37m-win_amd64.whl", hash = "sha256:e114420bf26b90d4b9daa597351337762b63039752bdf72bf361364c1aa05925"},
    {file = "black-23.3.0-cp38-cp38-macosx_10_16_arm64.whl", hash = "sha256:48f9d345675bb7fbc3dd85821b12487e1b9a75242028adad0333ce36ed2a6d27"},
    {file = "black-23.3.0-cp38-cp38-macosx_10_16_universal2.whl", hash = "sha256:714290490c18fb0126baa0fca0a54ee795f7502b44177e1ce7624ba1c00f2331"},
    {file = "black-23.3.0-cp38-cp38-macosx_10_16_x86_64.whl", hash = "sha256:064101748afa12ad2291c2b91c960be28b817c0c7eaa35bec09cc63aa56493c5"},
    {file = "black-23.3.0-cp38-cp38-manylinux_2_17_x86_64.manylinux2014_x86_64.whl", hash = "sha256:562bd3a70495facf56814293149e51aa1be9931567474993c7942ff7d3533961"},
    {file = "black-23.3.0-cp38-cp38-win_amd64.whl", hash = "sha256:e198cf27888ad6f4ff331ca1c48ffc038848ea9f031a3b40ba36aced7e22f2c8"},
    {file = "black-23.3.0-cp39-cp39-macosx_10_16_arm64.whl", hash = "sha256:3238f2aacf827d18d26db07524e44741233ae09a584273aa059066d644ca7b30"},
    {file = "black-23.3.0-cp39-cp39-macosx_10_16_universal2.whl", hash = "sha256:f0bd2f4a58d6666500542b26354978218a9babcdc972722f4bf90779524515f3"},
    {file = "black-23.3.0-cp39-cp39-macosx_10_16_x86_64.whl", hash = "sha256:92c543f6854c28a3c7f39f4d9b7694f9a6eb9d3c5e2ece488c327b6e7ea9b266"},
    {file = "black-23.3.0-cp39-cp39-manylinux_2_17_x86_64.manylinux2014_x86_64.whl", hash = "sha256:3a150542a204124ed00683f0db1f5cf1c2aaaa9cc3495b7a3b5976fb136090ab"},
    {file = "black-23.3.0-cp39-cp39-win_amd64.whl", hash = "sha256:6b39abdfb402002b8a7d030ccc85cf5afff64ee90fa4c5aebc531e3ad0175ddb"},
    {file = "black-23.3.0-py3-none-any.whl", hash = "sha256:ec751418022185b0c1bb7d7736e6933d40bbb14c14a0abcf9123d1b159f98dd4"},
    {file = "black-23.3.0.tar.gz", hash = "sha256:1c7b8d606e728a41ea1ccbd7264677e494e87cf630e399262ced92d4a8dac940"},
]

[package.dependencies]
click = ">=8.0.0"
mypy-extensions = ">=0.4.3"
packaging = ">=22.0"
pathspec = ">=0.9.0"
platformdirs = ">=2"

[package.extras]
colorama = ["colorama (>=0.4.3)"]
d = ["aiohttp (>=3.7.4)"]
jupyter = ["ipython (>=7.8.0)", "tokenize-rt (>=3.2.0)"]
uvloop = ["uvloop (>=0.15.2)"]

[[package]]
name = "click"
version = "8.1.3"
description = "Composable command line interface toolkit"
category = "dev"
optional = false
python-versions = ">=3.7"
files = [
    {file = "click-8.1.3-py3-none-any.whl", hash = "sha256:bb4d8133cb15a609f44e8213d9b391b0809795062913b383c62be0ee95b1db48"},
    {file = "click-8.1.3.tar.gz", hash = "sha256:7682dc8afb30297001674575ea00d1814d808d6a36af415a82bd481d37ba7b8e"},
]

[package.dependencies]
colorama = {version = "*", markers = "platform_system == \"Windows\""}

[[package]]
name = "colorama"
version = "0.4.6"
description = "Cross-platform colored terminal text."
category = "dev"
optional = false
python-versions = "!=3.0.*,!=3.1.*,!=3.2.*,!=3.3.*,!=3.4.*,!=3.5.*,!=3.6.*,>=2.7"
files = [
    {file = "colorama-0.4.6-py2.py3-none-any.whl", hash = "sha256:4f1d9991f5acc0ca119f9d443620b77f9d6b33703e51011c16baf57afb285fc6"},
    {file = "colorama-0.4.6.tar.gz", hash = "sha256:08695f5cb7ed6e0531a20572697297273c47b8cae5a63ffc6d6ed5c201be6e44"},
]

[[package]]
name = "funcy"
version = "1.18"
description = "A fancy and practical functional tools"
category = "main"
optional = false
python-versions = "*"
files = [
    {file = "funcy-1.18-py2.py3-none-any.whl", hash = "sha256:00ce91afc850357a131dc54f0db2ad8a1110d5087f1fa4480d7ea3ba0249f89d"},
    {file = "funcy-1.18.tar.gz", hash = "sha256:15448d19a8ebcc7a585afe7a384a19186d0bd67cbf56fb42cd1fd0f76313f9b2"},
]

[[package]]
name = "mypy-extensions"
version = "1.0.0"
description = "Type system extensions for programs checked with the mypy type checker."
category = "dev"
optional = false
python-versions = ">=3.5"
files = [
    {file = "mypy_extensions-1.0.0-py3-none-any.whl", hash = "sha256:4392f6c0eb8a5668a69e23d168ffa70f0be9ccfd32b5cc2d26a34ae5b844552d"},
    {file = "mypy_extensions-1.0.0.tar.gz", hash = "sha256:75dbf8955dc00442a438fc4d0666508a9a97b6bd41aa2f0ffe9d2f2725af0782"},
]

[[package]]
name = "nodeenv"
version = "1.7.0"
description = "Node.js virtual environment builder"
category = "dev"
optional = false
python-versions = ">=2.7,!=3.0.*,!=3.1.*,!=3.2.*,!=3.3.*,!=3.4.*,!=3.5.*,!=3.6.*"
files = [
    {file = "nodeenv-1.7.0-py2.py3-none-any.whl", hash = "sha256:27083a7b96a25f2f5e1d8cb4b6317ee8aeda3bdd121394e5ac54e498028a042e"},
    {file = "nodeenv-1.7.0.tar.gz", hash = "sha256:e0e7f7dfb85fc5394c6fe1e8fa98131a2473e04311a45afb6508f7cf1836fa2b"},
]

[package.dependencies]
setuptools = "*"

[[package]]
name = "packaging"
version = "23.1"
description = "Core utilities for Python packages"
category = "dev"
optional = false
python-versions = ">=3.7"
files = [
    {file = "packaging-23.1-py3-none-any.whl", hash = "sha256:994793af429502c4ea2ebf6bf664629d07c1a9fe974af92966e4b8d2df7edc61"},
    {file = "packaging-23.1.tar.gz", hash = "sha256:a392980d2b6cffa644431898be54b0045151319d1e7ec34f0cfed48767dd334f"},
]

[[package]]
name = "pathspec"
version = "0.11.1"
description = "Utility library for gitignore style pattern matching of file paths."
category = "dev"
optional = false
python-versions = ">=3.7"
files = [
    {file = "pathspec-0.11.1-py3-none-any.whl", hash = "sha256:d8af70af76652554bd134c22b3e8a1cc46ed7d91edcdd721ef1a0c51a84a5293"},
    {file = "pathspec-0.11.1.tar.gz", hash = "sha256:2798de800fa92780e33acca925945e9a19a133b715067cf165b8866c15a31687"},
]

[[package]]
name = "platformdirs"
version = "3.2.0"
description = "A small Python package for determining appropriate platform-specific dirs, e.g. a \"user data dir\"."
category = "dev"
optional = false
python-versions = ">=3.7"
files = [
    {file = "platformdirs-3.2.0-py3-none-any.whl", hash = "sha256:ebe11c0d7a805086e99506aa331612429a72ca7cd52a1f0d277dc4adc20cb10e"},
    {file = "platformdirs-3.2.0.tar.gz", hash = "sha256:d5b638ca397f25f979350ff789db335903d7ea010ab28903f57b27e1b16c2b08"},
]

[package.extras]
docs = ["furo (>=2022.12.7)", "proselint (>=0.13)", "sphinx (>=6.1.3)", "sphinx-autodoc-typehints (>=1.22,!=1.23.4)"]
test = ["appdirs (==1.4.4)", "covdefaults (>=2.3)", "pytest (>=7.2.2)", "pytest-cov (>=4)", "pytest-mock (>=3.10)"]

[[package]]
name = "py-aiger"
version = "6.2.1"
description = "A python library for manipulating sequential and-inverter gates."
category = "main"
optional = false
python-versions = ">=3.7,<4.0"
files = [
    {file = "py_aiger-6.2.1-py3-none-any.whl", hash = "sha256:ac0fa20fc768a3b718f5662ccb039e983c4e5ef14c1f1042b67ef6f5ff7db74b"},
    {file = "py_aiger-6.2.1.tar.gz", hash = "sha256:57cbf48879daa4ddc56748c32cf9ea46a51f9f25dd4996b069f5b177496f42af"},
]

[package.dependencies]
attrs = ">=23,<24"
bidict = ">=0.22.0,<0.23.0"
funcy = ">=1.12,<2.0"
pyrsistent = ">=0.19.0,<0.20.0"
sortedcontainers = ">=2.3.0,<3.0.0"
toposort = ">=1.5,<2.0"

[[package]]
name = "py-aiger-cnf"
version = "5.0.7"
description = "Python library to convert between AIGER and CNF"
category = "main"
optional = false
python-versions = ">=3.7,<4.0"
files = [
    {file = "py-aiger-cnf-5.0.7.tar.gz", hash = "sha256:966fc2db19848b7a8b1b4d76b83d0d9adf39391b73df42ed0a34389e389af2e4"},
    {file = "py_aiger_cnf-5.0.7-py3-none-any.whl", hash = "sha256:520f2e869fe6b484691d7cd576532d3e095c03a07e4f27cee0716f442a58e061"},
]

[package.dependencies]
bidict = ">=0.22.0,<0.23.0"
funcy = ">=1.12,<2.0"
py-aiger = ">=6.0.0,<7.0.0"

[[package]]
name = "pycosat"
version = "0.6.3"
description = "bindings to picosat (a SAT solver)"
category = "main"
optional = false
python-versions = "*"
files = [
    {file = "pycosat-0.6.3.zip", hash = "sha256:4c99874946a7e939bb941bbb019dd2c20e6068e3107c91366e7779c69d70e0ed"},
]

[[package]]
name = "pydantic"
version = "2.0a3"
description = "Data validation using Python type hints"
category = "main"
optional = false
python-versions = ">=3.7"
files = [
    {file = "pydantic-2.0a3-py3-none-any.whl", hash = "sha256:4bbd961e806eeeb5c9489c7352fb2cfcd0c58f80e0702065b251ce309fc8f6ec"},
    {file = "pydantic-2.0a3.tar.gz", hash = "sha256:3fcf5a31489ba491b4519fb75f86d03d221a938bc8e794453cd2cfce75cb76a5"},
]

[package.dependencies]
annotated-types = ">=0.4.0"
pydantic-core = "0.25.0"
typing-extensions = ">=4.2.0"

[package.extras]
email = ["email-validator (>=1.3.0)"]

[[package]]
name = "pydantic-core"
version = "0.25.0"
description = ""
category = "main"
optional = false
python-versions = ">=3.7"
files = [
    {file = "pydantic_core-0.25.0-cp310-cp310-macosx_10_7_x86_64.whl", hash = "sha256:97eb6422689eb714cc1f5af5d220cbbcbfbbb3778dc80f6edb578df42c94bef2"},
    {file = "pydantic_core-0.25.0-cp310-cp310-macosx_11_0_arm64.whl", hash = "sha256:239ae3b0cb209244cd8d3cd74ffef0e20602aaa4c7d2718a405c324d1c7af5f0"},
    {file = "pydantic_core-0.25.0-cp310-cp310-manylinux_2_17_aarch64.manylinux2014_aarch64.whl", hash = "sha256:b381b02c5c70e56f9d39263ab872fe1c40d73f4609ec0d5b57c2a0489bb579d2"},
    {file = "pydantic_core-0.25.0-cp310-cp310-manylinux_2_17_x86_64.manylinux2014_x86_64.whl", hash = "sha256:4618813403b1fca7f417f1604b59c4bbe7a637275bcccff30d92b31eeffaec6e"},
    {file = "pydantic_core-0.25.0-cp310-cp310-manylinux_2_24_armv7l.whl", hash = "sha256:f875acdcd51c0c72bdb046be5e1f979731ec97ed5102c55049188cd2f20a76be"},
    {file = "pydantic_core-0.25.0-cp310-cp310-manylinux_2_24_ppc64le.whl", hash = "sha256:6234592624e74ce3b397fba6f30688a74768fed107b30bad21d44f472b243bd4"},
    {file = "pydantic_core-0.25.0-cp310-cp310-manylinux_2_24_s390x.whl", hash = "sha256:8bb82dac1f0d34383b0a819544ba4c37e69a8f72c0d6e6dbbe29746147de28a3"},
    {file = "pydantic_core-0.25.0-cp310-cp310-manylinux_2_5_i686.manylinux1_i686.whl", hash = "sha256:00157f52a367d2763e05879d31d7369e22e53e6e1e196a66607452d3d229960a"},
    {file = "pydantic_core-0.25.0-cp310-cp310-musllinux_1_1_aarch64.whl", hash = "sha256:0c243c29bba9eb8132da3a9993a69dc295af6205f751a5d4458ff5dcdf80644c"},
    {file = "pydantic_core-0.25.0-cp310-cp310-musllinux_1_1_x86_64.whl", hash = "sha256:db6f00e16273f24342a5ed1c44aaf533c70e087d5daab01debc383015e75dde9"},
    {file = "pydantic_core-0.25.0-cp310-none-win32.whl", hash = "sha256:43d5eb23050ba96d4f1d6f00198e8fa0d85341cfc61151d07b755f1877b4bea5"},
    {file = "pydantic_core-0.25.0-cp310-none-win_amd64.whl", hash = "sha256:03a152d69d5849a6820023806b8198b398b79f675ce6f72cc5a0a9ab2922a858"},
    {file = "pydantic_core-0.25.0-cp311-cp311-macosx_10_7_x86_64.whl", hash = "sha256:7e324e608e1650ccac731ae6077c7bf86f88a930a6e71b412dbe53106008e53d"},
    {file = "pydantic_core-0.25.0-cp311-cp311-macosx_11_0_arm64.whl", hash = "sha256:24fcfbcf31b998b4e382fb192ca6d929b32f380132dd607610290fad040e5656"},
    {file = "pydantic_core-0.25.0-cp311-cp311-manylinux_2_17_aarch64.manylinux2014_aarch64.whl", hash = "sha256:4f88b38b223893c183d733572b815a6931adaeaaed5c986e480ea47d3f94ff67"},
    {file = "pydantic_core-0.25.0-cp311-cp311-manylinux_2_17_x86_64.manylinux2014_x86_64.whl", hash = "sha256:09a7997b8c44353d36e7a14f7eebf9c45595709198d6dd73d8b0b1f3423ec42b"},
    {file = "pydantic_core-0.25.0-cp311-cp311-manylinux_2_24_armv7l.whl", hash = "sha256:01a0c73f018f6969e1e7393bfa0cac999c46d3ab80a8224ed15b0c641dfc96b2"},
    {file = "pydantic_core-0.25.0-cp311-cp311-manylinux_2_24_ppc64le.whl", hash = "sha256:a78542cf83fa81760bc515242c7508bacca8378ebdf7f081674e0d7d07186157"},
    {file = "pydantic_core-0.25.0-cp311-cp311-manylinux_2_24_s390x.whl", hash = "sha256:149c60c812ace1262008d186193a6c856d980e1913e0f7263b46c26321009efb"},
    {file = "pydantic_core-0.25.0-cp311-cp311-manylinux_2_5_i686.manylinux1_i686.whl", hash = "sha256:9b5d094ad5728454e14115fed93766ae5ab89aacc218d4c641eb148bfdf0b555"},
    {file = "pydantic_core-0.25.0-cp311-cp311-musllinux_1_1_aarch64.whl", hash = "sha256:78df29c6c8bbdb02c27443a7b9b6a32281138c92d675a0ff0891eca6657fda9f"},
    {file = "pydantic_core-0.25.0-cp311-cp311-musllinux_1_1_x86_64.whl", hash = "sha256:2fb489cd9e53efa4ea88f6c9b7cf8e4bba3cad42df3a9781bd30c072617ce1a0"},
    {file = "pydantic_core-0.25.0-cp311-none-win32.whl", hash = "sha256:64a4fef2ff3f8e63aedc24bd8b0f4dfdd117082ec90671ea4518d51d3a21df23"},
    {file = "pydantic_core-0.25.0-cp311-none-win_amd64.whl", hash = "sha256:1a20d538c8538f8c75ea5341dc21f94ef1882db86f2f2fd4fc61ee2a4419813a"},
    {file = "pydantic_core-0.25.0-cp37-cp37m-macosx_10_7_x86_64.whl", hash = "sha256:ded1aabeb5f358c5ae984137e123bdb547abfa96c8f673300f8498ce832c1b9c"},
    {file = "pydantic_core-0.25.0-cp37-cp37m-macosx_11_0_arm64.whl", hash = "sha256:ce0b300f5f50dfc70bf9c5eaf525600cd420c7611b0b0dc6ec62458717e955ee"},
    {file = "pydantic_core-0.25.0-cp37-cp37m-manylinux_2_17_aarch64.manylinux2014_aarch64.whl", hash = "sha256:28739b0cc481dde1189ded7d691a181d61d2a8c7e503be06694bdce3586e3ecd"},
    {file = "pydantic_core-0.25.0-cp37-cp37m-manylinux_2_17_x86_64.manylinux2014_x86_64.whl", hash = "sha256:0254dce1639811384a806a77eedd24bd03554cbdafba094b03c95ba0325b5b74"},
    {file = "pydantic_core-0.25.0-cp37-cp37m-manylinux_2_24_armv7l.whl", hash = "sha256:aa3786722b293be9e8dde8a8d72cc9ed3412589755970876de6ac4167d3c0a87"},
    {file = "pydantic_core-0.25.0-cp37-cp37m-manylinux_2_24_ppc64le.whl", hash = "sha256:0fcc69217de13a6f8a926a37946e0901aec0c9b66259dde260584cd911c97aa5"},
    {file = "pydantic_core-0.25.0-cp37-cp37m-manylinux_2_24_s390x.whl", hash = "sha256:fa5af4d978744e493184ecc334f23b91f93c1bf700a88fd91a6883369ab8d276"},
    {file = "pydantic_core-0.25.0-cp37-cp37m-manylinux_2_5_i686.manylinux1_i686.whl", hash = "sha256:bb7bb8ecb02180d62a9c751f44a5b1f126d582a866c02372f1b922a6a8e872b4"},
    {file = "pydantic_core-0.25.0-cp37-cp37m-musllinux_1_1_aarch64.whl", hash = "sha256:09d0446252d93e1a1d4e669fc2eb429b42e66b1dd251145ebb8d17623bfc6fcc"},
    {file = "pydantic_core-0.25.0-cp37-cp37m-musllinux_1_1_x86_64.whl", hash = "sha256:ab006970f59350f538fc01dfd1ee4fd15689490471dfc02bd68503845cd4e474"},
    {file = "pydantic_core-0.25.0-cp37-none-win32.whl", hash = "sha256:52915248c47d414f75ccdbb496499ee83faff3a982b8886580c8dae58d411928"},
    {file = "pydantic_core-0.25.0-cp37-none-win_amd64.whl", hash = "sha256:a582fb6be0941db143944ec9f3e223d943c5410a963f969e1c813e0d941d5e30"},
    {file = "pydantic_core-0.25.0-cp38-cp38-macosx_10_7_x86_64.whl", hash = "sha256:2ba13d173bdd8d5d3b8d8c865cb9164bab1e9da7fd1f1fe21d3e88f3f53bfca6"},
    {file = "pydantic_core-0.25.0-cp38-cp38-macosx_11_0_arm64.whl", hash = "sha256:2c919d41c8e17b89d706825b7ad53a1d5834503b8222545c4751efff08cc3e8f"},
    {file = "pydantic_core-0.25.0-cp38-cp38-manylinux_2_17_aarch64.manylinux2014_aarch64.whl", hash = "sha256:fc17c9256540b688cd67fd3deef77dcff04ee8afe609ba418b15b43124fbc482"},
    {file = "pydantic_core-0.25.0-cp38-cp38-manylinux_2_17_x86_64.manylinux2014_x86_64.whl", hash = "sha256:17da247e12503862fe2450812cf71739787b2d813408d301bd9ba1c111167b98"},
    {file = "pydantic_core-0.25.0-cp38-cp38-manylinux_2_24_armv7l.whl", hash = "sha256:93cd520418048e4ab012dba62e2cbd59f60199036a77b1e120d06f1e126232e3"},
    {file = "pydantic_core-0.25.0-cp38-cp38-manylinux_2_24_ppc64le.whl", hash = "sha256:35e0f3ad3817845e48b51369a602efe4cebff1127352de1551263bc5a8392399"},
    {file = "pydantic_core-0.25.0-cp38-cp38-manylinux_2_24_s390x.whl", hash = "sha256:bff3ac8f17065e463402597f8c71c2c09045e7391a6e22ef9b43ec1c7f14999b"},
    {file = "pydantic_core-0.25.0-cp38-cp38-manylinux_2_5_i686.manylinux1_i686.whl", hash = "sha256:914ad3974d07dc17c65f46df9c896a54ac51c8bc6c657c4ab415b5d59de894cc"},
    {file = "pydantic_core-0.25.0-cp38-cp38-musllinux_1_1_aarch64.whl", hash = "sha256:36fb117df24151ee0740e99f16f183054dfbfa7d2d0b74df195a929bb59d8259"},
    {file = "pydantic_core-0.25.0-cp38-cp38-musllinux_1_1_x86_64.whl", hash = "sha256:a68366aae4fc15b7738aacd910b10f432296f03f5fc3b622b68f4bca901206b3"},
    {file = "pydantic_core-0.25.0-cp38-none-win32.whl", hash = "sha256:58b65440b8149439f541910a71c0ccf23c388553b9539c25ebebaa95759c4017"},
    {file = "pydantic_core-0.25.0-cp38-none-win_amd64.whl", hash = "sha256:5e4f28e67d338fb7ccc38ee39dcd35fe88ff72d2ab71336768b50077a19d4142"},
    {file = "pydantic_core-0.25.0-cp39-cp39-macosx_10_7_x86_64.whl", hash = "sha256:d71a45a30286b93728c0de71733128589934008ee906b826dbcffe9fdb1d343c"},
    {file = "pydantic_core-0.25.0-cp39-cp39-macosx_11_0_arm64.whl", hash = "sha256:82bcd983fc15064928d62ade5f0352058e4ee02e809d74847e9f6d0e24736add"},
    {file = "pydantic_core-0.25.0-cp39-cp39-manylinux_2_17_aarch64.manylinux2014_aarch64.whl", hash = "sha256:b7a35610fe3c65334dc48ed6abeb459643a0becbd95a507ac3581da80d7f7a28"},
    {file = "pydantic_core-0.25.0-cp39-cp39-manylinux_2_17_x86_64.manylinux2014_x86_64.whl", hash = "sha256:b756443ba2ec6295236da587fe91a0ba99bd9131416e6163a000ae58e4724ae0"},
    {file = "pydantic_core-0.25.0-cp39-cp39-manylinux_2_24_armv7l.whl", hash = "sha256:92a8b8542929f40718cb58638f46c99fcd2470c8b58d50c5fad5facac5b2fe00"},
    {file = "pydantic_core-0.25.0-cp39-cp39-manylinux_2_24_ppc64le.whl", hash = "sha256:3fc30e7dcbc962edb649facd8d963df3c958ee762a66bc0e6bb43050497437e1"},
    {file = "pydantic_core-0.25.0-cp39-cp39-manylinux_2_24_s390x.whl", hash = "sha256:f1f636d2c39f694cbe82645ade8d27250fadac48bd1d47648dd0f38a487f8c51"},
    {file = "pydantic_core-0.25.0-cp39-cp39-manylinux_2_5_i686.manylinux1_i686.whl", hash = "sha256:b9ede8cf2dce74599f5e90850330ecf8c0ef67575d7bc6ccda682714910b6c69"},
    {file = "pydantic_core-0.25.0-cp39-cp39-musllinux_1_1_aarch64.whl", hash = "sha256:1aad4545ebfa5984095970d88c2366d6b8de2d5716f3f416ef814048371b62d0"},
    {file = "pydantic_core-0.25.0-cp39-cp39-musllinux_1_1_x86_64.whl", hash = "sha256:4363bbcf28a1230b71c2437cd98234e00402bb6fd48026a134230760ca69e715"},
    {file = "pydantic_core-0.25.0-cp39-none-win32.whl", hash = "sha256:56552d6a75d2a06e7fa1fb355d6b43404490f270c49db3cd251ef074762d8c5e"},
    {file = "pydantic_core-0.25.0-cp39-none-win_amd64.whl", hash = "sha256:b45581c01d6ee27c0390aa49eb2c19eaa47a6f0f0cab7fe282a9680402d1b014"},
    {file = "pydantic_core-0.25.0-pp37-pypy37_pp73-macosx_10_7_x86_64.whl", hash = "sha256:ace2e31043892352fed279fd6c1495bc66043d74b6fb04c3868e6056d3d07642"},
    {file = "pydantic_core-0.25.0-pp37-pypy37_pp73-manylinux_2_17_aarch64.manylinux2014_aarch64.whl", hash = "sha256:6d52e17b211a304f6375ef529b21869c573b866ab2bd1bf5aeba46780e7b8359"},
    {file = "pydantic_core-0.25.0-pp37-pypy37_pp73-manylinux_2_17_x86_64.manylinux2014_x86_64.whl", hash = "sha256:d4059c7c0e4ecf986bc864579820176e13f0896b3e0dd3b72c96298015cc1788"},
    {file = "pydantic_core-0.25.0-pp37-pypy37_pp73-manylinux_2_5_i686.manylinux1_i686.whl", hash = "sha256:b4fa2fbc2e4273c863abf14a73d4182b17d8d85ec5ad795de8c31dd7921a9738"},
    {file = "pydantic_core-0.25.0-pp37-pypy37_pp73-musllinux_1_1_aarch64.whl", hash = "sha256:5d4e50a162d119389d7c4f0ba00021e00ec3a0b62069bf8e55cd296149a10442"},
    {file = "pydantic_core-0.25.0-pp37-pypy37_pp73-musllinux_1_1_x86_64.whl", hash = "sha256:2fb90b6df8feafc95dcd708f0bf8fbca2413f686425c0ab41916872b26ee635a"},
    {file = "pydantic_core-0.25.0-pp38-pypy38_pp73-macosx_10_7_x86_64.whl", hash = "sha256:b8358f18c1090293d6e22ed14a1ad6940421d2a10f9f276c8a2119ef5697ea67"},
    {file = "pydantic_core-0.25.0-pp38-pypy38_pp73-manylinux_2_17_aarch64.manylinux2014_aarch64.whl", hash = "sha256:fc8441277e75ef2026f00584511be92a8824a0ae7304fa51c8b48962665ec3c4"},
    {file = "pydantic_core-0.25.0-pp38-pypy38_pp73-manylinux_2_17_x86_64.manylinux2014_x86_64.whl", hash = "sha256:bc704bc051636ef8ef0d75d64a1e6094f96d188ca0cd772048ebbbf6863d8fc8"},
    {file = "pydantic_core-0.25.0-pp38-pypy38_pp73-manylinux_2_5_i686.manylinux1_i686.whl", hash = "sha256:8e0150ca25eeb7836aeb37ca05dd22f167d74a25fad100d58f93c20ff063c934"},
    {file = "pydantic_core-0.25.0-pp38-pypy38_pp73-musllinux_1_1_aarch64.whl", hash = "sha256:bf0de2e8f2bb0a8178a9c861a7e4cf820ddf5cab93af4f78c962e0f1c8391b38"},
    {file = "pydantic_core-0.25.0-pp38-pypy38_pp73-musllinux_1_1_x86_64.whl", hash = "sha256:26254d3012c823c7f26d81644027a096d83c914c6f5c0893e244a9333c7aa243"},
    {file = "pydantic_core-0.25.0-pp38-pypy38_pp73-win_amd64.whl", hash = "sha256:a2a06dc032524cdad60d1a56d6a467ca649b633a6ad0315033b1d590377ade21"},
    {file = "pydantic_core-0.25.0-pp39-pypy39_pp73-macosx_10_7_x86_64.whl", hash = "sha256:73287ea35d999332e443dbbdf3b9eb963c516e113bacb7f609735562a16ecc84"},
    {file = "pydantic_core-0.25.0-pp39-pypy39_pp73-manylinux_2_17_aarch64.manylinux2014_aarch64.whl", hash = "sha256:4955568b102d57b099a3c8ec8e91f480986c55b761d3a46b69583f1381a157e6"},
    {file = "pydantic_core-0.25.0-pp39-pypy39_pp73-manylinux_2_17_x86_64.manylinux2014_x86_64.whl", hash = "sha256:15f6633fe7259e5f65ef8fd44fefc0969ab2f68744b12522ebe97e0c1fd46517"},
    {file = "pydantic_core-0.25.0-pp39-pypy39_pp73-manylinux_2_5_i686.manylinux1_i686.whl", hash = "sha256:7a548b1bdefd5d5a87dd064343e5b78e9bf7b66c64c4d2b26706f58e8f2594b6"},
    {file = "pydantic_core-0.25.0-pp39-pypy39_pp73-musllinux_1_1_aarch64.whl", hash = "sha256:3d76b5f7d01d2f58e34ff7460c30ee61f9a1db885a568b7904bd943c916bcd3b"},
    {file = "pydantic_core-0.25.0-pp39-pypy39_pp73-musllinux_1_1_x86_64.whl", hash = "sha256:aec5b257f40f66a81df35fa9381e84dc4945ec20e1a99006a832d2bd7c730ab2"},
    {file = "pydantic_core-0.25.0-pp39-pypy39_pp73-win_amd64.whl", hash = "sha256:c81c8f78ccfe24de9a834e0c0ea1c78d9a61460b925402f4b8fd4e87ac7ba270"},
    {file = "pydantic_core-0.25.0.tar.gz", hash = "sha256:6ed58ce669d13c076095adaea3331f48ab914485eb1ce6f462c08c982edf935e"},
]

[[package]]
name = "pypblib"
version = "0.0.4"
description = ""
category = "main"
optional = false
python-versions = "*"
files = [
    {file = "pypblib-0.0.4-cp35-cp35m-manylinux2010_i686.whl", hash = "sha256:a6b5f0364a8ad5066622cbc112872424ecd1d981b0bf1fa81b3f0512c31f910b"},
    {file = "pypblib-0.0.4-cp35-cp35m-manylinux2010_x86_64.whl", hash = "sha256:9dd77b5447df2171bd9303dde4aa6c47ff4fa5afb71171cdaf0496940cce3eb3"},
    {file = "pypblib-0.0.4-cp35-cp35m-manylinux2014_i686.whl", hash = "sha256:9349f09040b1a3b149d9e565161b43c8e1c1bc6632997e7410d2f5df40ee35da"},
    {file = "pypblib-0.0.4-cp35-cp35m-manylinux2014_x86_64.whl", hash = "sha256:a272ed41bb27e668029c3599b8659f76cf6c870328e22dba6d2fcc2e154e1417"},
    {file = "pypblib-0.0.4-cp35-cp35m-win_amd64.whl", hash = "sha256:458d4b2ad1abe333fd3df279f1bdcb2e6e94e99466cb290b9bcebadf3669c9b5"},
    {file = "pypblib-0.0.4-cp36-cp36m-manylinux2010_i686.whl", hash = "sha256:fc63d2d273891e665cb40a7dd5cf3aed6d10d302ce1e3bbf7556dd06b334f7a5"},
    {file = "pypblib-0.0.4-cp36-cp36m-manylinux2010_x86_64.whl", hash = "sha256:7a9e992994a11c6a6a4924fb19374c01eee0453d44010640cc5896d06cdaac48"},
    {file = "pypblib-0.0.4-cp36-cp36m-manylinux2014_i686.whl", hash = "sha256:19fdc29db3eb61504c50044645ea01955968ad3b473cb126f6b508a847cb64a1"},
    {file = "pypblib-0.0.4-cp36-cp36m-manylinux2014_x86_64.whl", hash = "sha256:96f5d5350681eb4e578b0d438b5a9ce092f760ae0891d1f54674fd2bead4d692"},
    {file = "pypblib-0.0.4-cp36-cp36m-win_amd64.whl", hash = "sha256:51f2cd1c024ff31e4eab977e2cee834d3b678f47c1a66480610694f4baab5f23"},
    {file = "pypblib-0.0.4-cp37-cp37m-manylinux2010_i686.whl", hash = "sha256:34732945c19cea40420435ed863863a42d4fcfc3eead29558de5af268859c06f"},
    {file = "pypblib-0.0.4-cp37-cp37m-manylinux2010_x86_64.whl", hash = "sha256:bbe8013e365b28b4dd9ebe267daac747e86a946a6cd0972a7c572d1149a7e092"},
    {file = "pypblib-0.0.4-cp37-cp37m-manylinux2014_i686.whl", hash = "sha256:6034d8b1f7ff53f356a41878b28f95bec30498285ee178ad4d62135231b2f2d9"},
    {file = "pypblib-0.0.4-cp37-cp37m-manylinux2014_x86_64.whl", hash = "sha256:c8a03bdcd30d49b80a3e29961cabec86c97e77cbd12148b12bee86e1e7e7269c"},
    {file = "pypblib-0.0.4-cp37-cp37m-win_amd64.whl", hash = "sha256:58a3cd244a2d52613bb6563d197f928b704e5f91e53648986c6c16ab96f189ee"},
    {file = "pypblib-0.0.4-cp38-cp38-manylinux2010_i686.whl", hash = "sha256:d5611c4e63b59577c390a47c4f95fd1f620679c73347b90a2817cd896e310728"},
    {file = "pypblib-0.0.4-cp38-cp38-manylinux2010_x86_64.whl", hash = "sha256:5db879394bfdd3c48a0d3d6714ebb2b99a880ef5dd5948a9fdf0ac0d4167d12a"},
    {file = "pypblib-0.0.4-cp38-cp38-manylinux2014_i686.whl", hash = "sha256:cfc5dbc7d0e9b84584a0a333b07ec8f058142e3c4bed17aeb26754b2f8dfbb36"},
    {file = "pypblib-0.0.4-cp38-cp38-manylinux2014_x86_64.whl", hash = "sha256:3eec6af39d352435938542128b29f658dde20a6d21ee27647ae27c744e1208a9"},
    {file = "pypblib-0.0.4-cp38-cp38-win_amd64.whl", hash = "sha256:1bc73246760f56bbe945d38b3c4f56fed89e843e41934242f160a8685dc5cb17"},
    {file = "pypblib-0.0.4-cp39-cp39-manylinux2010_i686.whl", hash = "sha256:626a529beac250c8668dbb86b82689341ed6016ccff500583296b643d8873bad"},
    {file = "pypblib-0.0.4-cp39-cp39-manylinux2010_x86_64.whl", hash = "sha256:51d9be909ec1513ce5e5e01d225550c02ce439d1ad8c5421270301d61a75e5a9"},
    {file = "pypblib-0.0.4-cp39-cp39-manylinux2014_i686.whl", hash = "sha256:94ae0efa11230b1d675852f598ad06edca30e4ddd2dd74b4f07007708f8b733e"},
    {file = "pypblib-0.0.4-cp39-cp39-manylinux2014_x86_64.whl", hash = "sha256:833dcecb4f152f989056e3ebb33860335d5365035f7127fbb0797ea5ff689b83"},
    {file = "pypblib-0.0.4-cp39-cp39-win_amd64.whl", hash = "sha256:e2c74d8219caef6a107380e979019ea6e80f9334d1d0b042cc62bec9af53a43b"},
    {file = "pypblib-0.0.4.tar.gz", hash = "sha256:71dd930bf177ca38d6eeb473702d05df07e11f20382db0c766465297eaf49062"},
]

[[package]]
name = "pyright"
version = "1.1.304"
description = "Command line wrapper for pyright"
category = "dev"
optional = false
python-versions = ">=3.7"
files = [
    {file = "pyright-1.1.304-py3-none-any.whl", hash = "sha256:70021bbae07fc28ed16e435f5efa65cd71e06a1888d9ca998798c283d4b3d010"},
    {file = "pyright-1.1.304.tar.gz", hash = "sha256:87adec38081904c939e3657ab23d5fc40b7ccc22709be0af1859fc785ae4ea61"},
]

[package.dependencies]
nodeenv = ">=1.6.0"

[package.extras]
all = ["twine (>=3.4.1)"]
dev = ["twine (>=3.4.1)"]

[[package]]
name = "pyrsistent"
version = "0.19.3"
description = "Persistent/Functional/Immutable data structures"
category = "main"
optional = false
python-versions = ">=3.7"
files = [
    {file = "pyrsistent-0.19.3-cp310-cp310-macosx_10_9_universal2.whl", hash = "sha256:20460ac0ea439a3e79caa1dbd560344b64ed75e85d8703943e0b66c2a6150e4a"},
    {file = "pyrsistent-0.19.3-cp310-cp310-manylinux_2_17_aarch64.manylinux2014_aarch64.whl", hash = "sha256:4c18264cb84b5e68e7085a43723f9e4c1fd1d935ab240ce02c0324a8e01ccb64"},
    {file = "pyrsistent-0.19.3-cp310-cp310-manylinux_2_5_i686.manylinux1_i686.manylinux_2_17_i686.manylinux2014_i686.whl", hash = "sha256:4b774f9288dda8d425adb6544e5903f1fb6c273ab3128a355c6b972b7df39dcf"},
    {file = "pyrsistent-0.19.3-cp310-cp310-win32.whl", hash = "sha256:5a474fb80f5e0d6c9394d8db0fc19e90fa540b82ee52dba7d246a7791712f74a"},
    {file = "pyrsistent-0.19.3-cp310-cp310-win_amd64.whl", hash = "sha256:49c32f216c17148695ca0e02a5c521e28a4ee6c5089f97e34fe24163113722da"},
    {file = "pyrsistent-0.19.3-cp311-cp311-macosx_10_9_universal2.whl", hash = "sha256:f0774bf48631f3a20471dd7c5989657b639fd2d285b861237ea9e82c36a415a9"},
    {file = "pyrsistent-0.19.3-cp311-cp311-manylinux_2_17_aarch64.manylinux2014_aarch64.whl", hash = "sha256:3ab2204234c0ecd8b9368dbd6a53e83c3d4f3cab10ecaf6d0e772f456c442393"},
    {file = "pyrsistent-0.19.3-cp311-cp311-manylinux_2_5_i686.manylinux1_i686.manylinux_2_17_i686.manylinux2014_i686.whl", hash = "sha256:e42296a09e83028b3476f7073fcb69ffebac0e66dbbfd1bd847d61f74db30f19"},
    {file = "pyrsistent-0.19.3-cp311-cp311-win32.whl", hash = "sha256:64220c429e42a7150f4bfd280f6f4bb2850f95956bde93c6fda1b70507af6ef3"},
    {file = "pyrsistent-0.19.3-cp311-cp311-win_amd64.whl", hash = "sha256:016ad1afadf318eb7911baa24b049909f7f3bb2c5b1ed7b6a8f21db21ea3faa8"},
    {file = "pyrsistent-0.19.3-cp37-cp37m-macosx_10_9_x86_64.whl", hash = "sha256:c4db1bd596fefd66b296a3d5d943c94f4fac5bcd13e99bffe2ba6a759d959a28"},
    {file = "pyrsistent-0.19.3-cp37-cp37m-manylinux_2_17_aarch64.manylinux2014_aarch64.whl", hash = "sha256:aeda827381f5e5d65cced3024126529ddc4289d944f75e090572c77ceb19adbf"},
    {file = "pyrsistent-0.19.3-cp37-cp37m-manylinux_2_5_i686.manylinux1_i686.manylinux_2_17_i686.manylinux2014_i686.whl", hash = "sha256:42ac0b2f44607eb92ae88609eda931a4f0dfa03038c44c772e07f43e738bcac9"},
    {file = "pyrsistent-0.19.3-cp37-cp37m-win32.whl", hash = "sha256:e8f2b814a3dc6225964fa03d8582c6e0b6650d68a232df41e3cc1b66a5d2f8d1"},
    {file = "pyrsistent-0.19.3-cp37-cp37m-win_amd64.whl", hash = "sha256:c9bb60a40a0ab9aba40a59f68214eed5a29c6274c83b2cc206a359c4a89fa41b"},
    {file = "pyrsistent-0.19.3-cp38-cp38-macosx_10_9_universal2.whl", hash = "sha256:a2471f3f8693101975b1ff85ffd19bb7ca7dd7c38f8a81701f67d6b4f97b87d8"},
    {file = "pyrsistent-0.19.3-cp38-cp38-manylinux_2_17_aarch64.manylinux2014_aarch64.whl", hash = "sha256:cc5d149f31706762c1f8bda2e8c4f8fead6e80312e3692619a75301d3dbb819a"},
    {file = "pyrsistent-0.19.3-cp38-cp38-manylinux_2_5_i686.manylinux1_i686.manylinux_2_17_i686.manylinux2014_i686.whl", hash = "sha256:3311cb4237a341aa52ab8448c27e3a9931e2ee09561ad150ba94e4cfd3fc888c"},
    {file = "pyrsistent-0.19.3-cp38-cp38-win32.whl", hash = "sha256:f0e7c4b2f77593871e918be000b96c8107da48444d57005b6a6bc61fb4331b2c"},
    {file = "pyrsistent-0.19.3-cp38-cp38-win_amd64.whl", hash = "sha256:c147257a92374fde8498491f53ffa8f4822cd70c0d85037e09028e478cababb7"},
    {file = "pyrsistent-0.19.3-cp39-cp39-macosx_10_9_universal2.whl", hash = "sha256:b735e538f74ec31378f5a1e3886a26d2ca6351106b4dfde376a26fc32a044edc"},
    {file = "pyrsistent-0.19.3-cp39-cp39-manylinux_2_17_aarch64.manylinux2014_aarch64.whl", hash = "sha256:99abb85579e2165bd8522f0c0138864da97847875ecbd45f3e7e2af569bfc6f2"},
    {file = "pyrsistent-0.19.3-cp39-cp39-manylinux_2_5_i686.manylinux1_i686.manylinux_2_17_i686.manylinux2014_i686.whl", hash = "sha256:3a8cb235fa6d3fd7aae6a4f1429bbb1fec1577d978098da1252f0489937786f3"},
    {file = "pyrsistent-0.19.3-cp39-cp39-win32.whl", hash = "sha256:c74bed51f9b41c48366a286395c67f4e894374306b197e62810e0fdaf2364da2"},
    {file = "pyrsistent-0.19.3-cp39-cp39-win_amd64.whl", hash = "sha256:878433581fc23e906d947a6814336eee031a00e6defba224234169ae3d3d6a98"},
    {file = "pyrsistent-0.19.3-py3-none-any.whl", hash = "sha256:ccf0d6bd208f8111179f0c26fdf84ed7c3891982f2edaeae7422575f47e66b64"},
    {file = "pyrsistent-0.19.3.tar.gz", hash = "sha256:1a2994773706bbb4995c31a97bc94f1418314923bd1048c6d964837040376440"},
]

[[package]]
name = "python-sat"
version = "0.1.8.dev3"
description = "A Python library for prototyping with SAT oracles"
category = "main"
optional = false
python-versions = "*"
files = [
    {file = "python-sat-0.1.8.dev3.tar.gz", hash = "sha256:9fd947004b02e9a2dfa9604d3cfc88f03e6ba5254f9f3ebc625f2b3db0c69760"},
    {file = "python_sat-0.1.8.dev3-cp27-cp27m-manylinux_2_5_i686.manylinux1_i686.whl", hash = "sha256:fcd797834a8c1882e61b04d20cc5a86ce23d56ab356eb857b7944387516b0911"},
    {file = "python_sat-0.1.8.dev3-cp27-cp27m-manylinux_2_5_x86_64.manylinux1_x86_64.whl", hash = "sha256:9675ea66707dcc84c344e514ca7221cde893ead7878c54b9fb5e94fb9116e3e2"},
    {file = "python_sat-0.1.8.dev3-cp27-cp27mu-manylinux_2_5_i686.manylinux1_i686.whl", hash = "sha256:26ce6d39846a6a4366568c6b46f2948a10467693af173c4b8852b0194152292c"},
    {file = "python_sat-0.1.8.dev3-cp27-cp27mu-manylinux_2_5_x86_64.manylinux1_x86_64.whl", hash = "sha256:546e83b8368b27239ed767352108de275bd0d2dfaadd39ee5361c794ccfb6175"},
    {file = "python_sat-0.1.8.dev3-cp310-cp310-macosx_13_0_arm64.whl", hash = "sha256:4851df879cf721cb78c86c4db72175a582e924a591bb90c54544b429e455d3cf"},
    {file = "python_sat-0.1.8.dev3-cp310-cp310-macosx_13_0_x86_64.whl", hash = "sha256:50e72119bedb07af0dc87d5193bbd2098c71f995440820f848150cda7f7dd0f0"},
    {file = "python_sat-0.1.8.dev3-cp310-cp310-manylinux_2_12_x86_64.manylinux2010_x86_64.whl", hash = "sha256:26839d4a1b1544fd1555888d2d31f20533a42100359fae6fb2089abef7db43b6"},
    {file = "python_sat-0.1.8.dev3-cp310-cp310-manylinux_2_17_aarch64.manylinux2014_aarch64.whl", hash = "sha256:a5ef7873246a240925e9b06bd5ff1f676c9a66079f30ad5475362c89ce975169"},
    {file = "python_sat-0.1.8.dev3-cp310-cp310-win_amd64.whl", hash = "sha256:2dcb413aae401a10e9e0f3e5898a1b1e877dc201cffcc676887b226ce200b12a"},
    {file = "python_sat-0.1.8.dev3-cp311-cp311-macosx_13_0_arm64.whl", hash = "sha256:a0d33b055b474d8046628a2315bbac49a8314f95ff84060c8cba6c05a8240242"},
    {file = "python_sat-0.1.8.dev3-cp311-cp311-macosx_13_0_x86_64.whl", hash = "sha256:2aeb19bf3b83ce8f9640de284acb31dcaff2dfd960ca8d9e0501feda666eadea"},
    {file = "python_sat-0.1.8.dev3-cp311-cp311-manylinux_2_17_aarch64.manylinux2014_aarch64.whl", hash = "sha256:901cd49cb13e6d76fa831a1101e58f61a60a124dc67877ab5f68511fe3a79ecc"},
    {file = "python_sat-0.1.8.dev3-cp311-cp311-win_amd64.whl", hash = "sha256:555fabd365fc016d7651cb35352396fe6114b746f1963c8907f8332ccfdb4da6"},
    {file = "python_sat-0.1.8.dev3-cp35-cp35m-manylinux_2_5_i686.manylinux1_i686.whl", hash = "sha256:4e988215fbf260586d949ed36716d878ba33afa07cddeb82a8e5104cffcb516f"},
    {file = "python_sat-0.1.8.dev3-cp35-cp35m-manylinux_2_5_x86_64.manylinux1_x86_64.whl", hash = "sha256:9a4afea251c8a7d03a88591f79aa6f709bab464eb6fd2aaf11e33929e6445fad"},
    {file = "python_sat-0.1.8.dev3-cp36-cp36m-manylinux_2_17_aarch64.manylinux2014_aarch64.whl", hash = "sha256:bf4f8c53ca28e1804752be4a2c981e3e6e3c049bc62cb1fd79a15b9ed319f619"},
    {file = "python_sat-0.1.8.dev3-cp36-cp36m-manylinux_2_5_i686.manylinux1_i686.whl", hash = "sha256:e2dc5f08e97263daa54ee76bc1b03ab3b75aaafca55690b4addc4b8a3053a0d0"},
    {file = "python_sat-0.1.8.dev3-cp36-cp36m-manylinux_2_5_x86_64.manylinux1_x86_64.manylinux_2_12_x86_64.manylinux2010_x86_64.whl", hash = "sha256:18c22692a7e65c7e1ac9003940840c12d86b3e21c5ad510ca0f52f6cdd3a0bd5"},
    {file = "python_sat-0.1.8.dev3-cp36-cp36m-manylinux_2_5_x86_64.manylinux1_x86_64.whl", hash = "sha256:8328cfcea8c197421611e25b9a2a700bcc3d8017aa06524d74480658979bd234"},
    {file = "python_sat-0.1.8.dev3-cp36-cp36m-win_amd64.whl", hash = "sha256:8de3cbbbbddffb840475cb564a127fb3d9c8d4e2e6cced1e298b01794983944c"},
    {file = "python_sat-0.1.8.dev3-cp37-cp37m-manylinux_2_17_aarch64.manylinux2014_aarch64.whl", hash = "sha256:8a14a0fa82cf5a9153804233e76c938ba162807693c13bb52e9ab7eab3769fb1"},
    {file = "python_sat-0.1.8.dev3-cp37-cp37m-manylinux_2_5_i686.manylinux1_i686.whl", hash = "sha256:85010affc6130ddbebbf3d5e07d35e8a4f9895d9b3662d7332479f2ca5625e53"},
    {file = "python_sat-0.1.8.dev3-cp37-cp37m-manylinux_2_5_x86_64.manylinux1_x86_64.manylinux_2_12_x86_64.manylinux2010_x86_64.whl", hash = "sha256:2b6a03763d81e19b7cab272dfe83d73f7ab2b9ebf0d8579783685d05d482c575"},
    {file = "python_sat-0.1.8.dev3-cp37-cp37m-manylinux_2_5_x86_64.manylinux1_x86_64.whl", hash = "sha256:08b9556f07fdbcf8ca1bb8a0a45c2f491bbeb14442bcc2a4d2178d5c39f02d88"},
    {file = "python_sat-0.1.8.dev3-cp37-cp37m-win_amd64.whl", hash = "sha256:22340e32e8fbd33d1bb7f1b602b221d3241844f0c18bf2d403ac4f7b5b128763"},
    {file = "python_sat-0.1.8.dev3-cp38-cp38-macosx_13_0_arm64.whl", hash = "sha256:067b7723a8e485fb90622b212c11905cdde3e91b7bae8604db1eec9b60472c48"},
    {file = "python_sat-0.1.8.dev3-cp38-cp38-macosx_13_0_x86_64.whl", hash = "sha256:802f47cd25d77bd4eb794bace39fc1beedbdb0264f6966b1863e6da2e3815e41"},
    {file = "python_sat-0.1.8.dev3-cp38-cp38-manylinux_2_17_aarch64.manylinux2014_aarch64.whl", hash = "sha256:aef4b61413a0fc12f8091e852fe8130c5f57fde1b3763dd76d96341ce98da814"},
    {file = "python_sat-0.1.8.dev3-cp38-cp38-manylinux_2_5_i686.manylinux1_i686.whl", hash = "sha256:4decf7fc45ac1a44b831479023da7a5662b97619dba1b35e1f89937d70810cd2"},
    {file = "python_sat-0.1.8.dev3-cp38-cp38-manylinux_2_5_x86_64.manylinux1_x86_64.manylinux_2_12_x86_64.manylinux2010_x86_64.whl", hash = "sha256:776e724bebee20ab32ed6b31d76bf5951eb0f7bbae3a3c043cd330fc1a9a21e0"},
    {file = "python_sat-0.1.8.dev3-cp38-cp38-manylinux_2_5_x86_64.manylinux1_x86_64.whl", hash = "sha256:f18a792fec5b705592cd499661859cef7ea3887030a7a834d55bf0fb8ba83790"},
    {file = "python_sat-0.1.8.dev3-cp38-cp38-win_amd64.whl", hash = "sha256:45141f90a2721feba9b52a893d517e92b64c9e2b783dbc6fbd680b9515d92c7e"},
    {file = "python_sat-0.1.8.dev3-cp39-cp39-macosx_13_0_arm64.whl", hash = "sha256:7fdae29f91977eb20d371d8285fbc48a533e75b8fd023a8e3d730ec8b1b5dde9"},
    {file = "python_sat-0.1.8.dev3-cp39-cp39-macosx_13_0_x86_64.whl", hash = "sha256:629505e845ecf1621a689061dfd1bf321a267465052fde3d5484bea7cd305cf0"},
    {file = "python_sat-0.1.8.dev3-cp39-cp39-manylinux_2_17_aarch64.manylinux2014_aarch64.whl", hash = "sha256:f783901758c4b54ed12df884e0eb40bf2e0248b84a710db39a075f964f10f14a"},
    {file = "python_sat-0.1.8.dev3-cp39-cp39-manylinux_2_5_i686.manylinux1_i686.whl", hash = "sha256:6eaba7996c2b93efa64ce43eefb609812ff4bc7712dab80cbf8a5996014f7a95"},
    {file = "python_sat-0.1.8.dev3-cp39-cp39-manylinux_2_5_x86_64.manylinux1_x86_64.manylinux_2_12_x86_64.manylinux2010_x86_64.whl", hash = "sha256:5d0e5bdb537d1c85ef8be527429631fd235b197fa0cfb084112288ca6d3aaf93"},
    {file = "python_sat-0.1.8.dev3-cp39-cp39-manylinux_2_5_x86_64.manylinux1_x86_64.whl", hash = "sha256:f59ae528f52b2ed8dfeabc87f4e161f9c77a73bc49c66a19dca3b54e205f7877"},
    {file = "python_sat-0.1.8.dev3-cp39-cp39-win_amd64.whl", hash = "sha256:5c465266e0a6aee02042ed2feb874a7cd33141fbc33ad4b851b892290fa0eb3c"},
    {file = "python_sat-0.1.8.dev3-pp37-pypy37_pp73-macosx_10_9_x86_64.whl", hash = "sha256:cfcb48e812f3ac88e392984ea6a6035a32d4ff489857e295540d1335c29536d5"},
    {file = "python_sat-0.1.8.dev3-pp37-pypy37_pp73-manylinux_2_12_x86_64.manylinux2010_x86_64.whl", hash = "sha256:87ef42a1cd68ceb1bc8019fcbf4f35294387e870a2b9fa5447ffcc5910d2165d"},
    {file = "python_sat-0.1.8.dev3-pp37-pypy37_pp73-manylinux_2_17_aarch64.manylinux2014_aarch64.whl", hash = "sha256:6199a8b63f89d378eec420d42b4383cb7df9c6a684209761696d930eb43ada47"},
    {file = "python_sat-0.1.8.dev3-pp38-pypy38_pp73-manylinux_2_12_x86_64.manylinux2010_x86_64.whl", hash = "sha256:e6e7810844e449b7a0aa616483cc6c27cfc5f1b915c1b6cb1d269915f6d4d656"},
    {file = "python_sat-0.1.8.dev3-pp38-pypy38_pp73-manylinux_2_17_aarch64.manylinux2014_aarch64.whl", hash = "sha256:d7d33690730d201b0126dfdf6c4f2043303de4636d30a1fa5aba1e118eb99967"},
    {file = "python_sat-0.1.8.dev3-pp39-pypy39_pp73-manylinux_2_17_aarch64.manylinux2014_aarch64.whl", hash = "sha256:79988cc5651a1cfa86dee96ef3a2e7f87893efcdd5c36073c58ab9eee5621e82"},
]

[package.dependencies]
py-aiger-cnf = {version = ">=2.0.0", optional = true, markers = "extra == \"aiger\""}
pypblib = {version = ">=0.0.3", optional = true, markers = "extra == \"pblib\""}
six = "*"

[package.extras]
aiger = ["py-aiger-cnf (>=2.0.0)"]
approxmc = ["pyapproxmc (>=4.1.8)"]
pblib = ["pypblib (>=0.0.3)"]

[[package]]
name = "ruff"
version = "0.0.262"
description = "An extremely fast Python linter, written in Rust."
category = "dev"
optional = false
python-versions = ">=3.7"
files = [
    {file = "ruff-0.0.262-py3-none-macosx_10_7_x86_64.whl", hash = "sha256:c26c1abd420d041592d05d63aee8c6a18feb24aed4deb6e91129e9f2c7b4914a"},
    {file = "ruff-0.0.262-py3-none-macosx_10_9_x86_64.macosx_11_0_arm64.macosx_10_9_universal2.whl", hash = "sha256:b379e9765afa679316e52288a942df085e590862f8945088936a7bce3116d8f3"},
    {file = "ruff-0.0.262-py3-none-manylinux_2_17_aarch64.manylinux2014_aarch64.whl", hash = "sha256:9b7e0ca6821aafbd2b059df3119fcd5881250721ca8e825789fd2c471f7c59be"},
    {file = "ruff-0.0.262-py3-none-manylinux_2_17_armv7l.manylinux2014_armv7l.whl", hash = "sha256:4cca35e2aeddff72bb4379a1dabc134e0c0d25ebc754a2cb733a1f8d4dbbb5e0"},
    {file = "ruff-0.0.262-py3-none-manylinux_2_17_i686.manylinux2014_i686.whl", hash = "sha256:15bf5533ce169aebbafa00017987f673e879f60a625d932b464b8cdaf32a4fce"},
    {file = "ruff-0.0.262-py3-none-manylinux_2_17_ppc64.manylinux2014_ppc64.whl", hash = "sha256:3909e249d984c4517194005a1c30eaa0c3a6d906c789d9fc0c9c7e007fb3e759"},
    {file = "ruff-0.0.262-py3-none-manylinux_2_17_ppc64le.manylinux2014_ppc64le.whl", hash = "sha256:4e2813013a19b3e147e840bdb2e42db5825b53b47364e58e7b467c5fa47ffda2"},
    {file = "ruff-0.0.262-py3-none-manylinux_2_17_s390x.manylinux2014_s390x.whl", hash = "sha256:d25a94996b2037e566c2a801c8b324c0a826194d5d4d90ad7c1ccb8cf06521fa"},
    {file = "ruff-0.0.262-py3-none-manylinux_2_17_x86_64.manylinux2014_x86_64.whl", hash = "sha256:85ca04348372efc59f6ee808d903d35e0d352cf2c78e487757cd48b65104b83e"},
    {file = "ruff-0.0.262-py3-none-musllinux_1_2_aarch64.whl", hash = "sha256:24f989363e9bb5d0283490298102a5218682e49ebf300e445d69e24bee03ac83"},
    {file = "ruff-0.0.262-py3-none-musllinux_1_2_armv7l.whl", hash = "sha256:3c24e678e43ca4b67e29cc9a7a54eea05f31a5898cbf17bfec47b68f08d32a60"},
    {file = "ruff-0.0.262-py3-none-musllinux_1_2_i686.whl", hash = "sha256:0baff3c9a22227358ea109c165efe62dbdd0f2b9fd5256567dda8682b444fe23"},
    {file = "ruff-0.0.262-py3-none-musllinux_1_2_x86_64.whl", hash = "sha256:083bac6e238d8b7d5ac3618666ea63b7ac661cf94c5da160070a58e190082831"},
    {file = "ruff-0.0.262-py3-none-win32.whl", hash = "sha256:15bbfa2d15c137717627e0d56b0e535ae297b734551e34e03fcc25d7642cf43a"},
    {file = "ruff-0.0.262-py3-none-win_amd64.whl", hash = "sha256:973ac29193f718349cf5746b7d86dfeaf7d40e9651ed97790a9b9327305888b9"},
    {file = "ruff-0.0.262-py3-none-win_arm64.whl", hash = "sha256:f102904ebe395acd2a181d295b98120acd7a63f732b691672977fc688674f4af"},
    {file = "ruff-0.0.262.tar.gz", hash = "sha256:faea54231c265f5349975ba6f3d855b71881a01f391b2000c47740390c6d5f68"},
]

[[package]]
name = "setuptools"
version = "67.7.2"
description = "Easily download, build, install, upgrade, and uninstall Python packages"
category = "dev"
optional = false
python-versions = ">=3.7"
files = [
    {file = "setuptools-67.7.2-py3-none-any.whl", hash = "sha256:23aaf86b85ca52ceb801d32703f12d77517b2556af839621c641fca11287952b"},
    {file = "setuptools-67.7.2.tar.gz", hash = "sha256:f104fa03692a2602fa0fec6c6a9e63b6c8a968de13e17c026957dd1f53d80990"},
]

[package.extras]
docs = ["furo", "jaraco.packaging (>=9)", "jaraco.tidelift (>=1.4)", "pygments-github-lexers (==0.0.5)", "rst.linker (>=1.9)", "sphinx (>=3.5)", "sphinx-favicon", "sphinx-hoverxref (<2)", "sphinx-inline-tabs", "sphinx-lint", "sphinx-notfound-page (==0.8.3)", "sphinx-reredirects", "sphinxcontrib-towncrier"]
testing = ["build[virtualenv]", "filelock (>=3.4.0)", "flake8 (<5)", "flake8-2020", "ini2toml[lite] (>=0.9)", "jaraco.envs (>=2.2)", "jaraco.path (>=3.2.0)", "pip (>=19.1)", "pip-run (>=8.8)", "pytest (>=6)", "pytest-black (>=0.3.7)", "pytest-checkdocs (>=2.4)", "pytest-cov", "pytest-enabler (>=1.3)", "pytest-flake8", "pytest-mypy (>=0.9.1)", "pytest-perf", "pytest-timeout", "pytest-xdist", "tomli-w (>=1.0.0)", "virtualenv (>=13.0.0)", "wheel"]
testing-integration = ["build[virtualenv]", "filelock (>=3.4.0)", "jaraco.envs (>=2.2)", "jaraco.path (>=3.2.0)", "pytest", "pytest-enabler", "pytest-xdist", "tomli", "virtualenv (>=13.0.0)", "wheel"]

[[package]]
name = "six"
version = "1.16.0"
description = "Python 2 and 3 compatibility utilities"
category = "main"
optional = false
python-versions = ">=2.7, !=3.0.*, !=3.1.*, !=3.2.*"
files = [
    {file = "six-1.16.0-py2.py3-none-any.whl", hash = "sha256:8abb2f1d86890a2dfb989f9a77cfcfd3e47c2a354b01111771326f8aa26e0254"},
    {file = "six-1.16.0.tar.gz", hash = "sha256:1e61c37477a1626458e36f7b1d82aa5c9b094fa4802892072e49de9c60c4c926"},
]

[[package]]
name = "sortedcontainers"
version = "2.4.0"
description = "Sorted Containers -- Sorted List, Sorted Dict, Sorted Set"
category = "main"
optional = false
python-versions = "*"
files = [
    {file = "sortedcontainers-2.4.0-py2.py3-none-any.whl", hash = "sha256:a163dcaede0f1c021485e957a39245190e74249897e2ae4b2aa38595db237ee0"},
    {file = "sortedcontainers-2.4.0.tar.gz", hash = "sha256:25caa5a06cc30b6b83d11423433f65d1f9d76c4c6a0c90e3379eaa43b9bfdb88"},
]

[[package]]
name = "toposort"
version = "1.10"
description = "Implements a topological sort algorithm."
category = "main"
optional = false
python-versions = "*"
files = [
    {file = "toposort-1.10-py3-none-any.whl", hash = "sha256:cbdbc0d0bee4d2695ab2ceec97fe0679e9c10eab4b2a87a9372b929e70563a87"},
    {file = "toposort-1.10.tar.gz", hash = "sha256:bfbb479c53d0a696ea7402601f4e693c97b0367837c8898bc6471adfca37a6bd"},
]

[[package]]
name = "typing-extensions"
version = "4.5.0"
description = "Backported and Experimental Type Hints for Python 3.7+"
category = "main"
optional = false
python-versions = ">=3.7"
files = [
    {file = "typing_extensions-4.5.0-py3-none-any.whl", hash = "sha256:fb33085c39dd998ac16d1431ebc293a8b3eedd00fd4a32de0ff79002c19511b4"},
    {file = "typing_extensions-4.5.0.tar.gz", hash = "sha256:5cb5f4a79139d699607b3ef622a1dedafa84e115ab0024e0d9c044a9479ca7cb"},
]

[metadata]
lock-version = "2.0"
python-versions = "^3.11"
content-hash = "b952c8dc5d0b5fcb477f80ca8b820fa14e104c6bc1ba60c0d25f3a85107e5b80"
